<?xml version="1.0" encoding="utf-8"?>
<Project ToolsVersion="12.0" xmlns="http://schemas.microsoft.com/developer/msbuild/2003">
  <ItemGroup>
    <Filter Include="Source Files">
      <UniqueIdentifier>{B1F27843-FECA-1BAD-B224-361DD6FE7ADE}</UniqueIdentifier>
      <Extensions>cpp;cxx;cc;c;C</Extensions>
    </Filter>
    <Filter Include="Header Files">
      <UniqueIdentifier>{06319535-FECA-1BAD-B224-361DD6FE7ADE}</UniqueIdentifier>
      <Extensions>h;hpp;hxx;hh</Extensions>
    </Filter>
    <Filter Include="Typesupport Files">
      <UniqueIdentifier>{B7B4DD38-FECA-1BAD-B224-361DD6FE7ADE}</UniqueIdentifier>
      <Extensions>idl</Extensions>
    </Filter>
    <Filter Include="Documentation">
      <UniqueIdentifier>{B14BBA74-FECA-1BAD-B224-361DD6FE7ADE}</UniqueIdentifier>
    </Filter>
  </ItemGroup>
  <ItemGroup>
    <ClCompile Include="isocpp\dds\core\cond\GuardCondition.cpp">
      <Filter>Source Files</Filter>
    </ClCompile>
    <ClCompile Include="isocpp\dds\core\cond\WaitSet.cpp">
      <Filter>Source Files</Filter>
    </ClCompile>
    <ClCompile Include="isocpp\dds\core\detail\maplog.cpp">
      <Filter>Source Files</Filter>
    </ClCompile>
    <ClCompile Include="isocpp\dds\core\Duration.cpp">
      <Filter>Source Files</Filter>
    </ClCompile>
    <ClCompile Include="isocpp\dds\core\Exception.cpp">
      <Filter>Source Files</Filter>
    </ClCompile>
    <ClCompile Include="isocpp\dds\core\policy\CorePolicy.cpp">
      <Filter>Source Files</Filter>
    </ClCompile>
    <ClCompile Include="isocpp\dds\core\Reference.cpp">
      <Filter>Source Files</Filter>
    </ClCompile>
    <ClCompile Include="isocpp\dds\core\status\State.cpp">
      <Filter>Source Files</Filter>
    </ClCompile>
    <ClCompile Include="isocpp\dds\core\status\status.cpp">
      <Filter>Source Files</Filter>
    </ClCompile>
    <ClCompile Include="isocpp\dds\core\Time.cpp">
      <Filter>Source Files</Filter>
    </ClCompile>
    <ClCompile Include="isocpp\dds\domain\DomainParticipant.cpp">
      <Filter>Source Files</Filter>
    </ClCompile>
    <ClCompile Include="isocpp\dds\domain\DomainParticipantListener.cpp">
      <Filter>Source Files</Filter>
    </ClCompile>
    <ClCompile Include="isocpp\dds\domain\find.cpp">
      <Filter>Source Files</Filter>
    </ClCompile>
    <ClCompile Include="isocpp\dds\pub\AnyDataWriter.cpp">
      <Filter>Source Files</Filter>
    </ClCompile>
    <ClCompile Include="isocpp\dds\pub\AnyDataWriterListener.cpp">
      <Filter>Source Files</Filter>
    </ClCompile>
    <ClCompile Include="isocpp\dds\pub\discovery.cpp">
      <Filter>Source Files</Filter>
    </ClCompile>
    <ClCompile Include="isocpp\dds\pub\PublisherListener.cpp">
      <Filter>Source Files</Filter>
    </ClCompile>
    <ClCompile Include="isocpp\dds\sub\AnyDataReaderListener.cpp">
      <Filter>Source Files</Filter>
    </ClCompile>
    <ClCompile Include="isocpp\dds\sub\cond\QueryCondition.cpp">
      <Filter>Source Files</Filter>
    </ClCompile>
    <ClCompile Include="isocpp\dds\sub\discovery.cpp">
      <Filter>Source Files</Filter>
    </ClCompile>
    <ClCompile Include="isocpp\dds\sub\find.cpp">
      <Filter>Source Files</Filter>
    </ClCompile>
    <ClCompile Include="isocpp\dds\sub\Query.cpp">
      <Filter>Source Files</Filter>
    </ClCompile>
    <ClCompile Include="isocpp\dds\sub\status\DataState.cpp">
      <Filter>Source Files</Filter>
    </ClCompile>
    <ClCompile Include="isocpp\dds\sub\SubscriberListener.cpp">
      <Filter>Source Files</Filter>
    </ClCompile>
    <ClCompile Include="isocpp\dds\topic\AnyTopicDescription.cpp">
      <Filter>Source Files</Filter>
    </ClCompile>
    <ClCompile Include="isocpp\dds\topic\AnyTopicListener.cpp">
      <Filter>Source Files</Filter>
    </ClCompile>
    <ClCompile Include="isocpp\dds\topic\discovery.cpp">
      <Filter>Source Files</Filter>
    </ClCompile>
    <ClCompile Include="isocpp\dds\topic\TopicListener.cpp">
      <Filter>Source Files</Filter>
    </ClCompile>
    <ClCompile Include="isocpp\org\opensplice\core\ConditionImpl.cpp">
      <Filter>Source Files</Filter>
    </ClCompile>
    <ClCompile Include="isocpp\org\opensplice\core\EntityDelegate.cpp">
      <Filter>Source Files</Filter>
    </ClCompile>
    <ClCompile Include="isocpp\org\opensplice\core\EntityRegistry.cpp">
      <Filter>Source Files</Filter>
    </ClCompile>
    <ClCompile Include="isocpp\org\opensplice\core\exception_helper.cpp">
      <Filter>Source Files</Filter>
    </ClCompile>
    <ClCompile Include="isocpp\org\opensplice\core\FunctorHolder.cpp">
      <Filter>Source Files</Filter>
    </ClCompile>
    <ClCompile Include="isocpp\org\opensplice\core\InstanceHandleImpl.cpp">
      <Filter>Source Files</Filter>
    </ClCompile>
    <ClCompile Include="isocpp\org\opensplice\core\memory.cpp">
      <Filter>Source Files</Filter>
    </ClCompile>
    <ClCompile Include="isocpp\org\opensplice\core\PolicyConverter.cpp">
      <Filter>Source Files</Filter>
    </ClCompile>
    <ClCompile Include="isocpp\org\opensplice\core\RegisterBuiltinTopics.cpp">
      <Filter>Source Files</Filter>
    </ClCompile>
    <ClCompile Include="isocpp\org\opensplice\core\Retain.cpp">
      <Filter>Source Files</Filter>
    </ClCompile>
    <ClCompile Include="isocpp\org\opensplice\core\StatusConverter.cpp">
      <Filter>Source Files</Filter>
    </ClCompile>
    <ClCompile Include="isocpp\org\opensplice\domain\DomainEventForwarder.cpp">
      <Filter>Source Files</Filter>
    </ClCompile>
    <ClCompile Include="isocpp\org\opensplice\domain\DomainParticipantDelegate.cpp">
      <Filter>Source Files</Filter>
    </ClCompile>
    <ClCompile Include="isocpp\org\opensplice\domain\qos\DomainParticipantQosImpl.cpp">
      <Filter>Source Files</Filter>
    </ClCompile>
    <ClCompile Include="isocpp\org\opensplice\domain\qos\QosConverter.cpp">
      <Filter>Source Files</Filter>
    </ClCompile>
    <ClCompile Include="isocpp\org\opensplice\pub\PublisherDelegate.cpp">
      <Filter>Source Files</Filter>
    </ClCompile>
    <ClCompile Include="isocpp\org\opensplice\pub\PublisherEventForwarder.cpp">
      <Filter>Source Files</Filter>
    </ClCompile>
    <ClCompile Include="isocpp\org\opensplice\pub\qos\DataWriterQosImpl.cpp">
      <Filter>Source Files</Filter>
    </ClCompile>
    <ClCompile Include="isocpp\org\opensplice\pub\qos\PublisherQosImpl.cpp">
      <Filter>Source Files</Filter>
    </ClCompile>
    <ClCompile Include="isocpp\org\opensplice\pub\qos\QosConverter.cpp">
      <Filter>Source Files</Filter>
    </ClCompile>
    <ClCompile Include="isocpp\org\opensplice\sub\qos\DataReaderQosImpl.cpp">
      <Filter>Source Files</Filter>
    </ClCompile>
    <ClCompile Include="isocpp\org\opensplice\sub\qos\QosConverter.cpp">
      <Filter>Source Files</Filter>
    </ClCompile>
    <ClCompile Include="isocpp\org\opensplice\sub\qos\SubscriberQosImpl.cpp">
      <Filter>Source Files</Filter>
    </ClCompile>
    <ClCompile Include="isocpp\org\opensplice\sub\SubscriberDelegate.cpp">
      <Filter>Source Files</Filter>
    </ClCompile>
    <ClCompile Include="isocpp\org\opensplice\sub\SubscriberEventForwarder.cpp">
      <Filter>Source Files</Filter>
    </ClCompile>
    <ClCompile Include="isocpp\org\opensplice\topic\qos\QosConverter.cpp">
      <Filter>Source Files</Filter>
    </ClCompile>
    <ClCompile Include="isocpp\org\opensplice\topic\qos\TopicQosImpl.cpp">
      <Filter>Source Files</Filter>
    </ClCompile>
    <ClCompile Include="sacpp\ccpp_Condition_impl.cpp">
      <Filter>Source Files</Filter>
    </ClCompile>
    <ClCompile Include="sacpp\ccpp_ContentFilteredTopic_impl.cpp">
      <Filter>Source Files</Filter>
    </ClCompile>
    <ClCompile Include="sacpp\ccpp_DataReader_impl.cpp">
      <Filter>Source Files</Filter>
    </ClCompile>
    <ClCompile Include="sacpp\ccpp_DataReaderView_impl.cpp">
      <Filter>Source Files</Filter>
    </ClCompile>
    <ClCompile Include="sacpp\ccpp_DataWriter_impl.cpp">
      <Filter>Source Files</Filter>
    </ClCompile>
    <ClCompile Include="sacpp\ccpp_Domain_impl.cpp">
      <Filter>Source Files</Filter>
    </ClCompile>
    <ClCompile Include="sacpp\ccpp_DomainParticipant_impl.cpp">
      <Filter>Source Files</Filter>
    </ClCompile>
    <ClCompile Include="sacpp\ccpp_DomainParticipantFactory.cpp">
      <Filter>Source Files</Filter>
    </ClCompile>
    <ClCompile Include="sacpp\ccpp_Entity_impl.cpp">
      <Filter>Source Files</Filter>
    </ClCompile>
    <ClCompile Include="sacpp\ccpp_ErrorInfo.cpp">
      <Filter>Source Files</Filter>
    </ClCompile>
    <ClCompile Include="sacpp\ccpp_GuardCondition.cpp">
      <Filter>Source Files</Filter>
    </ClCompile>
    <ClCompile Include="sacpp\ccpp_ListenerUtils.cpp">
      <Filter>Source Files</Filter>
    </ClCompile>
    <ClCompile Include="sacpp\ccpp_MultiTopic_impl.cpp">
      <Filter>Source Files</Filter>
    </ClCompile>
    <ClCompile Include="sacpp\ccpp_Publisher_impl.cpp">
      <Filter>Source Files</Filter>
    </ClCompile>
    <ClCompile Include="sacpp\ccpp_QosProvider.cpp">
      <Filter>Source Files</Filter>
    </ClCompile>
    <ClCompile Include="sacpp\ccpp_QosUtils.cpp">
      <Filter>Source Files</Filter>
    </ClCompile>
    <ClCompile Include="sacpp\ccpp_QueryCondition_impl.cpp">
      <Filter>Source Files</Filter>
    </ClCompile>
    <ClCompile Include="sacpp\ccpp_ReadCondition_impl.cpp">
      <Filter>Source Files</Filter>
    </ClCompile>
    <ClCompile Include="sacpp\ccpp_StatusCondition_impl.cpp">
      <Filter>Source Files</Filter>
    </ClCompile>
    <ClCompile Include="sacpp\ccpp_Subscriber_impl.cpp">
      <Filter>Source Files</Filter>
    </ClCompile>
    <ClCompile Include="sacpp\ccpp_Topic_impl.cpp">
      <Filter>Source Files</Filter>
    </ClCompile>
    <ClCompile Include="sacpp\ccpp_TopicDescription_impl.cpp">
      <Filter>Source Files</Filter>
    </ClCompile>
    <ClCompile Include="sacpp\ccpp_TypeSupport_impl.cpp">
      <Filter>Source Files</Filter>
    </ClCompile>
    <ClCompile Include="sacpp\ccpp_Utils.cpp">
      <Filter>Source Files</Filter>
    </ClCompile>
    <ClCompile Include="sacpp\ccpp_WaitSet.cpp">
      <Filter>Source Files</Filter>
    </ClCompile>
    <ClCompile Include="sacpp\dds_dcps.cpp">
      <Filter>Source Files</Filter>
    </ClCompile>
    <ClCompile Include="sacpp\generated\dds_builtinTopics.cpp">
      <Filter>Source Files</Filter>
    </ClCompile>
    <ClCompile Include="sacpp\generated\dds_builtinTopicsDcps.cpp">
      <Filter>Source Files</Filter>
    </ClCompile>
    <ClCompile Include="sacpp\generated\dds_builtinTopicsDcps_impl.cpp">
      <Filter>Source Files</Filter>
    </ClCompile>
    <ClCompile Include="sacpp\generated\dds_builtinTopicsSplDcps.cpp">
      <Filter>Source Files</Filter>
    </ClCompile>
    <ClCompile Include="sacpp\generated\dds_dcps_builtintopics.cpp">
      <Filter>Source Files</Filter>
    </ClCompile>
    <ClCompile Include="sacpp\generated\dds_dcps_builtintopicsDcps.cpp">
      <Filter>Source Files</Filter>
    </ClCompile>
    <ClCompile Include="sacpp\generated\dds_dcps_builtintopicsDcps_impl.cpp">
      <Filter>Source Files</Filter>
    </ClCompile>
    <ClCompile Include="sacpp\generated\dds_dcps_builtintopicsSplDcps.cpp">
      <Filter>Source Files</Filter>
    </ClCompile>
    <ClCompile Include="sacpp\generated\dds_namedQosTypes.cpp">
      <Filter>Source Files</Filter>
    </ClCompile>
    <ClCompile Include="sacpp\generated\dds_namedQosTypesDcps.cpp">
      <Filter>Source Files</Filter>
    </ClCompile>
    <ClCompile Include="sacpp\generated\dds_namedQosTypesDcps_impl.cpp">
      <Filter>Source Files</Filter>
    </ClCompile>
    <ClCompile Include="sacpp\generated\dds_namedQosTypesSplDcps.cpp">
      <Filter>Source Files</Filter>
    </ClCompile>
    <ClCompile Include="sacpp\sacpp_DefaultValueRefCountBase.cpp">
      <Filter>Source Files</Filter>
    </ClCompile>
    <ClCompile Include="sacpp\sacpp_Exception.cpp">
      <Filter>Source Files</Filter>
    </ClCompile>
    <ClCompile Include="sacpp\sacpp_ExceptionInitializer.cpp">
      <Filter>Source Files</Filter>
    </ClCompile>
    <ClCompile Include="sacpp\sacpp_LocalObject.cpp">
      <Filter>Source Files</Filter>
    </ClCompile>
    <ClCompile Include="sacpp\sacpp_Object.cpp">
      <Filter>Source Files</Filter>
    </ClCompile>
    <ClCompile Include="sacpp\sacpp_SystemException.cpp">
      <Filter>Source Files</Filter>
    </ClCompile>
    <ClCompile Include="sacpp\sacpp_UserException.cpp">
      <Filter>Source Files</Filter>
    </ClCompile>
    <ClCompile Include="sacpp\sacpp_ValueBase.cpp">
      <Filter>Source Files</Filter>
    </ClCompile>
  </ItemGroup>
  <ItemGroup>
    <ClInclude Include="..\include\dcps\C++\isocpp\dds\core\array.hpp">
      <Filter>Header Files</Filter>
    </ClInclude>
    <ClInclude Include="..\include\dcps\C++\isocpp\dds\core\BuiltinTopicTypes.hpp">
      <Filter>Header Files</Filter>
    </ClInclude>
    <ClInclude Include="..\include\dcps\C++\isocpp\dds\core\cond\Condition.hpp">
      <Filter>Header Files</Filter>
    </ClInclude>
    <ClInclude Include="..\include\dcps\C++\isocpp\dds\core\cond\detail\Condition.hpp">
      <Filter>Header Files</Filter>
    </ClInclude>
    <ClInclude Include="..\include\dcps\C++\isocpp\dds\core\cond\detail\GuardCondition.hpp">
      <Filter>Header Files</Filter>
    </ClInclude>
    <ClInclude Include="..\include\dcps\C++\isocpp\dds\core\cond\detail\StatusCondition.hpp">
      <Filter>Header Files</Filter>
    </ClInclude>
    <ClInclude Include="..\include\dcps\C++\isocpp\dds\core\cond\detail\WaitSet.hpp">
      <Filter>Header Files</Filter>
    </ClInclude>
    <ClInclude Include="..\include\dcps\C++\isocpp\dds\core\cond\GuardCondition.hpp">
      <Filter>Header Files</Filter>
    </ClInclude>
    <ClInclude Include="..\include\dcps\C++\isocpp\dds\core\cond\StatusCondition.hpp">
      <Filter>Header Files</Filter>
    </ClInclude>
    <ClInclude Include="..\include\dcps\C++\isocpp\dds\core\cond\TCondition.hpp">
      <Filter>Header Files</Filter>
    </ClInclude>
    <ClInclude Include="..\include\dcps\C++\isocpp\dds\core\cond\TGuardCondition.hpp">
      <Filter>Header Files</Filter>
    </ClInclude>
    <ClInclude Include="..\include\dcps\C++\isocpp\dds\core\cond\TStatusCondition.hpp">
      <Filter>Header Files</Filter>
    </ClInclude>
    <ClInclude Include="..\include\dcps\C++\isocpp\dds\core\cond\TWaitSet.hpp">
      <Filter>Header Files</Filter>
    </ClInclude>
    <ClInclude Include="..\include\dcps\C++\isocpp\dds\core\cond\WaitSet.hpp">
      <Filter>Header Files</Filter>
    </ClInclude>
    <ClInclude Include="..\include\dcps\C++\isocpp\dds\core\conformance.hpp">
      <Filter>Header Files</Filter>
    </ClInclude>
    <ClInclude Include="..\include\dcps\C++\isocpp\dds\core\ddscore.hpp">
      <Filter>Header Files</Filter>
    </ClInclude>
    <ClInclude Include="..\include\dcps\C++\isocpp\dds\core\detail\BuiltinTopicTypes.hpp">
      <Filter>Header Files</Filter>
    </ClInclude>
    <ClInclude Include="..\include\dcps\C++\isocpp\dds\core\detail\conformance.hpp">
      <Filter>Header Files</Filter>
    </ClInclude>
    <ClInclude Include="..\include\dcps\C++\isocpp\dds\core\detail\Entity.hpp">
      <Filter>Header Files</Filter>
    </ClInclude>
    <ClInclude Include="..\include\dcps\C++\isocpp\dds\core\detail\InstanceHandle.hpp">
      <Filter>Header Files</Filter>
    </ClInclude>
    <ClInclude Include="..\include\dcps\C++\isocpp\dds\core\detail\inttypes.hpp">
      <Filter>Header Files</Filter>
    </ClInclude>
    <ClInclude Include="..\include\dcps\C++\isocpp\dds\core\detail\macros.hpp">
      <Filter>Header Files</Filter>
    </ClInclude>
    <ClInclude Include="..\include\dcps\C++\isocpp\dds\core\detail\maplog.hpp">
      <Filter>Header Files</Filter>
    </ClInclude>
    <ClInclude Include="..\include\dcps\C++\isocpp\dds\core\detail\module_docs.hpp">
      <Filter>Header Files</Filter>
    </ClInclude>
    <ClInclude Include="..\include\dcps\C++\isocpp\dds\core\detail\old_win_stdint.h">
      <Filter>Header Files</Filter>
    </ClInclude>
    <ClInclude Include="..\include\dcps\C++\isocpp\dds\core\detail\QosProvider.hpp">
      <Filter>Header Files</Filter>
    </ClInclude>
    <ClInclude Include="..\include\dcps\C++\isocpp\dds\core\detail\ref_traits.hpp">
      <Filter>Header Files</Filter>
    </ClInclude>
    <ClInclude Include="..\include\dcps\C++\isocpp\dds\core\Duration.hpp">
      <Filter>Header Files</Filter>
    </ClInclude>
    <ClInclude Include="..\include\dcps\C++\isocpp\dds\core\Entity.hpp">
      <Filter>Header Files</Filter>
    </ClInclude>
    <ClInclude Include="..\include\dcps\C++\isocpp\dds\core\Exception.hpp">
      <Filter>Header Files</Filter>
    </ClInclude>
    <ClInclude Include="..\include\dcps\C++\isocpp\dds\core\InstanceHandle.hpp">
      <Filter>Header Files</Filter>
    </ClInclude>
    <ClInclude Include="..\include\dcps\C++\isocpp\dds\core\LengthUnlimited.hpp">
      <Filter>Header Files</Filter>
    </ClInclude>
    <ClInclude Include="..\include\dcps\C++\isocpp\dds\core\macros.hpp">
      <Filter>Header Files</Filter>
    </ClInclude>
    <ClInclude Include="..\include\dcps\C++\isocpp\dds\core\Optional.hpp">
      <Filter>Header Files</Filter>
    </ClInclude>
    <ClInclude Include="..\include\dcps\C++\isocpp\dds\core\policy\CorePolicy.hpp">
      <Filter>Header Files</Filter>
    </ClInclude>
    <ClInclude Include="..\include\dcps\C++\isocpp\dds\core\policy\detail\CorePolicy.hpp">
      <Filter>Header Files</Filter>
    </ClInclude>
    <ClInclude Include="..\include\dcps\C++\isocpp\dds\core\policy\detail\QosPolicyCount.hpp">
      <Filter>Header Files</Filter>
    </ClInclude>
    <ClInclude Include="..\include\dcps\C++\isocpp\dds\core\policy\PolicyKind.hpp">
      <Filter>Header Files</Filter>
    </ClInclude>
    <ClInclude Include="..\include\dcps\C++\isocpp\dds\core\policy\QosPolicyCount.hpp">
      <Filter>Header Files</Filter>
    </ClInclude>
    <ClInclude Include="..\include\dcps\C++\isocpp\dds\core\policy\TCorePolicy.hpp">
      <Filter>Header Files</Filter>
    </ClInclude>
    <ClInclude Include="..\include\dcps\C++\isocpp\dds\core\policy\TQosPolicyCount.hpp">
      <Filter>Header Files</Filter>
    </ClInclude>
    <ClInclude Include="..\include\dcps\C++\isocpp\dds\core\QosProvider.hpp">
      <Filter>Header Files</Filter>
    </ClInclude>
    <ClInclude Include="..\include\dcps\C++\isocpp\dds\core\ref_traits.hpp">
      <Filter>Header Files</Filter>
    </ClInclude>
    <ClInclude Include="..\include\dcps\C++\isocpp\dds\core\Reference.hpp">
      <Filter>Header Files</Filter>
    </ClInclude>
    <ClInclude Include="..\include\dcps\C++\isocpp\dds\core\refmacros.hpp">
      <Filter>Header Files</Filter>
    </ClInclude>
    <ClInclude Include="..\include\dcps\C++\isocpp\dds\core\SafeEnumeration.hpp">
      <Filter>Header Files</Filter>
    </ClInclude>
    <ClInclude Include="..\include\dcps\C++\isocpp\dds\core\status\detail\Status.hpp">
      <Filter>Header Files</Filter>
    </ClInclude>
    <ClInclude Include="..\include\dcps\C++\isocpp\dds\core\status\State.hpp">
      <Filter>Header Files</Filter>
    </ClInclude>
    <ClInclude Include="..\include\dcps\C++\isocpp\dds\core\status\Status.hpp">
      <Filter>Header Files</Filter>
    </ClInclude>
    <ClInclude Include="..\include\dcps\C++\isocpp\dds\core\status\TStatus.hpp">
      <Filter>Header Files</Filter>
    </ClInclude>
    <ClInclude Include="..\include\dcps\C++\isocpp\dds\core\TBuiltinTopicTypes.hpp">
      <Filter>Header Files</Filter>
    </ClInclude>
    <ClInclude Include="..\include\dcps\C++\isocpp\dds\core\TEntity.hpp">
      <Filter>Header Files</Filter>
    </ClInclude>
    <ClInclude Include="..\include\dcps\C++\isocpp\dds\core\TEntityQos.hpp">
      <Filter>Header Files</Filter>
    </ClInclude>
    <ClInclude Include="..\include\dcps\C++\isocpp\dds\core\Time.hpp">
      <Filter>Header Files</Filter>
    </ClInclude>
    <ClInclude Include="..\include\dcps\C++\isocpp\dds\core\TInstanceHandle.hpp">
      <Filter>Header Files</Filter>
    </ClInclude>
    <ClInclude Include="..\include\dcps\C++\isocpp\dds\core\TQosProvider.hpp">
      <Filter>Header Files</Filter>
    </ClInclude>
    <ClInclude Include="..\include\dcps\C++\isocpp\dds\core\types.hpp">
      <Filter>Header Files</Filter>
    </ClInclude>
    <ClInclude Include="..\include\dcps\C++\isocpp\dds\core\Value.hpp">
      <Filter>Header Files</Filter>
    </ClInclude>
    <ClInclude Include="..\include\dcps\C++\isocpp\dds\core\WeakReference.hpp">
      <Filter>Header Files</Filter>
    </ClInclude>
    <ClInclude Include="..\include\dcps\C++\isocpp\dds\core\xtypes\Annotations.hpp">
      <Filter>Header Files</Filter>
    </ClInclude>
    <ClInclude Include="..\include\dcps\C++\isocpp\dds\core\xtypes\CollectionTypes.hpp">
      <Filter>Header Files</Filter>
    </ClInclude>
    <ClInclude Include="..\include\dcps\C++\isocpp\dds\core\xtypes\detail\Annotation.hpp">
      <Filter>Header Files</Filter>
    </ClInclude>
    <ClInclude Include="..\include\dcps\C++\isocpp\dds\core\xtypes\detail\CollectionTypes.hpp">
      <Filter>Header Files</Filter>
    </ClInclude>
    <ClInclude Include="..\include\dcps\C++\isocpp\dds\core\xtypes\detail\DynamicData.hpp">
      <Filter>Header Files</Filter>
    </ClInclude>
    <ClInclude Include="..\include\dcps\C++\isocpp\dds\core\xtypes\detail\DynamicType.hpp">
      <Filter>Header Files</Filter>
    </ClInclude>
    <ClInclude Include="..\include\dcps\C++\isocpp\dds\core\xtypes\detail\MemberType.hpp">
      <Filter>Header Files</Filter>
    </ClInclude>
    <ClInclude Include="..\include\dcps\C++\isocpp\dds\core\xtypes\detail\PrimitiveTypes.hpp">
      <Filter>Header Files</Filter>
    </ClInclude>
    <ClInclude Include="..\include\dcps\C++\isocpp\dds\core\xtypes\detail\StructType.hpp">
      <Filter>Header Files</Filter>
    </ClInclude>
    <ClInclude Include="..\include\dcps\C++\isocpp\dds\core\xtypes\detail\TypeProvider.hpp">
      <Filter>Header Files</Filter>
    </ClInclude>
    <ClInclude Include="..\include\dcps\C++\isocpp\dds\core\xtypes\detail\UnionCase.hpp">
      <Filter>Header Files</Filter>
    </ClInclude>
    <ClInclude Include="..\include\dcps\C++\isocpp\dds\core\xtypes\detail\UnionType.hpp">
      <Filter>Header Files</Filter>
    </ClInclude>
    <ClInclude Include="..\include\dcps\C++\isocpp\dds\core\xtypes\DynamicData.hpp">
      <Filter>Header Files</Filter>
    </ClInclude>
    <ClInclude Include="..\include\dcps\C++\isocpp\dds\core\xtypes\DynamicType.hpp">
      <Filter>Header Files</Filter>
    </ClInclude>
    <ClInclude Include="..\include\dcps\C++\isocpp\dds\core\xtypes\MemberType.hpp">
      <Filter>Header Files</Filter>
    </ClInclude>
    <ClInclude Include="..\include\dcps\C++\isocpp\dds\core\xtypes\PrimitiveTypes.hpp">
      <Filter>Header Files</Filter>
    </ClInclude>
    <ClInclude Include="..\include\dcps\C++\isocpp\dds\core\xtypes\StructType.hpp">
      <Filter>Header Files</Filter>
    </ClInclude>
    <ClInclude Include="..\include\dcps\C++\isocpp\dds\core\xtypes\TAnnotation.hpp">
      <Filter>Header Files</Filter>
    </ClInclude>
    <ClInclude Include="..\include\dcps\C++\isocpp\dds\core\xtypes\TCollectionTypes.hpp">
      <Filter>Header Files</Filter>
    </ClInclude>
    <ClInclude Include="..\include\dcps\C++\isocpp\dds\core\xtypes\TDynamicData.hpp">
      <Filter>Header Files</Filter>
    </ClInclude>
    <ClInclude Include="..\include\dcps\C++\isocpp\dds\core\xtypes\TDynamicType.hpp">
      <Filter>Header Files</Filter>
    </ClInclude>
    <ClInclude Include="..\include\dcps\C++\isocpp\dds\core\xtypes\TMemberType.hpp">
      <Filter>Header Files</Filter>
    </ClInclude>
    <ClInclude Include="..\include\dcps\C++\isocpp\dds\core\xtypes\TStructType.hpp">
      <Filter>Header Files</Filter>
    </ClInclude>
    <ClInclude Include="..\include\dcps\C++\isocpp\dds\core\xtypes\TTypeProvider.hpp">
      <Filter>Header Files</Filter>
    </ClInclude>
    <ClInclude Include="..\include\dcps\C++\isocpp\dds\core\xtypes\TypeKind.hpp">
      <Filter>Header Files</Filter>
    </ClInclude>
    <ClInclude Include="..\include\dcps\C++\isocpp\dds\core\xtypes\TypeProvider.hpp">
      <Filter>Header Files</Filter>
    </ClInclude>
    <ClInclude Include="..\include\dcps\C++\isocpp\dds\core\xtypes\UnionCase.hpp">
      <Filter>Header Files</Filter>
    </ClInclude>
    <ClInclude Include="..\include\dcps\C++\isocpp\dds\core\xtypes\UnionType.hpp">
      <Filter>Header Files</Filter>
    </ClInclude>
    <ClInclude Include="..\include\dcps\C++\isocpp\dds\dds.hpp">
      <Filter>Header Files</Filter>
    </ClInclude>
    <ClInclude Include="..\include\dcps\C++\isocpp\dds\domain\ddsdomain.hpp">
      <Filter>Header Files</Filter>
    </ClInclude>
    <ClInclude Include="..\include\dcps\C++\isocpp\dds\domain\detail\DomainParticipant.hpp">
      <Filter>Header Files</Filter>
    </ClInclude>
    <ClInclude Include="..\include\dcps\C++\isocpp\dds\domain\discovery.hpp">
      <Filter>Header Files</Filter>
    </ClInclude>
    <ClInclude Include="..\include\dcps\C++\isocpp\dds\domain\DomainParticipant.hpp">
      <Filter>Header Files</Filter>
    </ClInclude>
    <ClInclude Include="..\include\dcps\C++\isocpp\dds\domain\DomainParticipantListener.hpp">
      <Filter>Header Files</Filter>
    </ClInclude>
    <ClInclude Include="..\include\dcps\C++\isocpp\dds\domain\find.hpp">
      <Filter>Header Files</Filter>
    </ClInclude>
    <ClInclude Include="..\include\dcps\C++\isocpp\dds\domain\qos\detail\DomainParticipantQos.hpp">
      <Filter>Header Files</Filter>
    </ClInclude>
    <ClInclude Include="..\include\dcps\C++\isocpp\dds\domain\qos\DomainParticipantQos.hpp">
      <Filter>Header Files</Filter>
    </ClInclude>
    <ClInclude Include="..\include\dcps\C++\isocpp\dds\domain\TDomainParticipant.hpp">
      <Filter>Header Files</Filter>
    </ClInclude>
    <ClInclude Include="..\include\dcps\C++\isocpp\dds\pub\AnyDataWriter.hpp">
      <Filter>Header Files</Filter>
    </ClInclude>
    <ClInclude Include="..\include\dcps\C++\isocpp\dds\pub\AnyDataWriterListener.hpp">
      <Filter>Header Files</Filter>
    </ClInclude>
    <ClInclude Include="..\include\dcps\C++\isocpp\dds\pub\CoherentSet.hpp">
      <Filter>Header Files</Filter>
    </ClInclude>
    <ClInclude Include="..\include\dcps\C++\isocpp\dds\pub\DataWriter.hpp">
      <Filter>Header Files</Filter>
    </ClInclude>
    <ClInclude Include="..\include\dcps\C++\isocpp\dds\pub\DataWriterListener.hpp">
      <Filter>Header Files</Filter>
    </ClInclude>
    <ClInclude Include="..\include\dcps\C++\isocpp\dds\pub\ddspub.hpp">
      <Filter>Header Files</Filter>
    </ClInclude>
    <ClInclude Include="..\include\dcps\C++\isocpp\dds\pub\detail\AnyDataWriter.hpp">
      <Filter>Header Files</Filter>
    </ClInclude>
    <ClInclude Include="..\include\dcps\C++\isocpp\dds\pub\detail\CoherentSet.hpp">
      <Filter>Header Files</Filter>
    </ClInclude>
    <ClInclude Include="..\include\dcps\C++\isocpp\dds\pub\detail\DataWriter.hpp">
      <Filter>Header Files</Filter>
    </ClInclude>
    <ClInclude Include="..\include\dcps\C++\isocpp\dds\pub\detail\find.hpp">
      <Filter>Header Files</Filter>
    </ClInclude>
    <ClInclude Include="..\include\dcps\C++\isocpp\dds\pub\detail\Publisher.hpp">
      <Filter>Header Files</Filter>
    </ClInclude>
    <ClInclude Include="..\include\dcps\C++\isocpp\dds\pub\detail\SuspendedPublication.hpp">
      <Filter>Header Files</Filter>
    </ClInclude>
    <ClInclude Include="..\include\dcps\C++\isocpp\dds\pub\discovery.hpp">
      <Filter>Header Files</Filter>
    </ClInclude>
    <ClInclude Include="..\include\dcps\C++\isocpp\dds\pub\find.hpp">
      <Filter>Header Files</Filter>
    </ClInclude>
    <ClInclude Include="..\include\dcps\C++\isocpp\dds\pub\Publisher.hpp">
      <Filter>Header Files</Filter>
    </ClInclude>
    <ClInclude Include="..\include\dcps\C++\isocpp\dds\pub\PublisherListener.hpp">
      <Filter>Header Files</Filter>
    </ClInclude>
    <ClInclude Include="..\include\dcps\C++\isocpp\dds\pub\qos\DataWriterQos.hpp">
      <Filter>Header Files</Filter>
    </ClInclude>
    <ClInclude Include="..\include\dcps\C++\isocpp\dds\pub\qos\detail\DataWriterQos.hpp">
      <Filter>Header Files</Filter>
    </ClInclude>
    <ClInclude Include="..\include\dcps\C++\isocpp\dds\pub\qos\detail\PublisherQos.hpp">
      <Filter>Header Files</Filter>
    </ClInclude>
    <ClInclude Include="..\include\dcps\C++\isocpp\dds\pub\qos\PublisherQos.hpp">
      <Filter>Header Files</Filter>
    </ClInclude>
    <ClInclude Include="..\include\dcps\C++\isocpp\dds\pub\SuspendedPublication.hpp">
      <Filter>Header Files</Filter>
    </ClInclude>
    <ClInclude Include="..\include\dcps\C++\isocpp\dds\pub\TCoherentSet.hpp">
      <Filter>Header Files</Filter>
    </ClInclude>
    <ClInclude Include="..\include\dcps\C++\isocpp\dds\pub\TPublisher.hpp">
      <Filter>Header Files</Filter>
    </ClInclude>
    <ClInclude Include="..\include\dcps\C++\isocpp\dds\pub\TSuspendedPublication.hpp">
      <Filter>Header Files</Filter>
    </ClInclude>
    <ClInclude Include="..\include\dcps\C++\isocpp\dds\sub\AnyDataReader.hpp">
      <Filter>Header Files</Filter>
    </ClInclude>
    <ClInclude Include="..\include\dcps\C++\isocpp\dds\sub\AnyDataReaderListener.hpp">
      <Filter>Header Files</Filter>
    </ClInclude>
    <ClInclude Include="..\include\dcps\C++\isocpp\dds\sub\CoherentAccess.hpp">
      <Filter>Header Files</Filter>
    </ClInclude>
    <ClInclude Include="..\include\dcps\C++\isocpp\dds\sub\cond\detail\Executor.hpp">
      <Filter>Header Files</Filter>
    </ClInclude>
    <ClInclude Include="..\include\dcps\C++\isocpp\dds\sub\cond\detail\QueryCondition.hpp">
      <Filter>Header Files</Filter>
    </ClInclude>
    <ClInclude Include="..\include\dcps\C++\isocpp\dds\sub\cond\detail\ReadCondition.hpp">
      <Filter>Header Files</Filter>
    </ClInclude>
    <ClInclude Include="..\include\dcps\C++\isocpp\dds\sub\cond\QueryCondition.hpp">
      <Filter>Header Files</Filter>
    </ClInclude>
    <ClInclude Include="..\include\dcps\C++\isocpp\dds\sub\cond\ReadCondition.hpp">
      <Filter>Header Files</Filter>
    </ClInclude>
    <ClInclude Include="..\include\dcps\C++\isocpp\dds\sub\cond\TReadCondition.hpp">
      <Filter>Header Files</Filter>
    </ClInclude>
    <ClInclude Include="..\include\dcps\C++\isocpp\dds\sub\DataReader.hpp">
      <Filter>Header Files</Filter>
    </ClInclude>
    <ClInclude Include="..\include\dcps\C++\isocpp\dds\sub\DataReaderListener.hpp">
      <Filter>Header Files</Filter>
    </ClInclude>
    <ClInclude Include="..\include\dcps\C++\isocpp\dds\sub\ddssub.hpp">
      <Filter>Header Files</Filter>
    </ClInclude>
    <ClInclude Include="..\include\dcps\C++\isocpp\dds\sub\detail\AnyDataReader.hpp">
      <Filter>Header Files</Filter>
    </ClInclude>
    <ClInclude Include="..\include\dcps\C++\isocpp\dds\sub\detail\CoherentAccess.hpp">
      <Filter>Header Files</Filter>
    </ClInclude>
    <ClInclude Include="..\include\dcps\C++\isocpp\dds\sub\detail\DataReader.hpp">
      <Filter>Header Files</Filter>
    </ClInclude>
    <ClInclude Include="..\include\dcps\C++\isocpp\dds\sub\detail\find.hpp">
      <Filter>Header Files</Filter>
    </ClInclude>
    <ClInclude Include="..\include\dcps\C++\isocpp\dds\sub\detail\GenerationCount.hpp">
      <Filter>Header Files</Filter>
    </ClInclude>
    <ClInclude Include="..\include\dcps\C++\isocpp\dds\sub\detail\LoanedSamples.hpp">
      <Filter>Header Files</Filter>
    </ClInclude>
    <ClInclude Include="..\include\dcps\C++\isocpp\dds\sub\detail\Query.hpp">
      <Filter>Header Files</Filter>
    </ClInclude>
    <ClInclude Include="..\include\dcps\C++\isocpp\dds\sub\detail\Rank.hpp">
      <Filter>Header Files</Filter>
    </ClInclude>
    <ClInclude Include="..\include\dcps\C++\isocpp\dds\sub\detail\Sample.hpp">
      <Filter>Header Files</Filter>
    </ClInclude>
    <ClInclude Include="..\include\dcps\C++\isocpp\dds\sub\detail\SampleInfo.hpp">
      <Filter>Header Files</Filter>
    </ClInclude>
    <ClInclude Include="..\include\dcps\C++\isocpp\dds\sub\detail\SharedSamples.hpp">
      <Filter>Header Files</Filter>
    </ClInclude>
    <ClInclude Include="..\include\dcps\C++\isocpp\dds\sub\detail\Subscriber.hpp">
      <Filter>Header Files</Filter>
    </ClInclude>
    <ClInclude Include="..\include\dcps\C++\isocpp\dds\sub\discovery.hpp">
      <Filter>Header Files</Filter>
    </ClInclude>
    <ClInclude Include="..\include\dcps\C++\isocpp\dds\sub\find.hpp">
      <Filter>Header Files</Filter>
    </ClInclude>
    <ClInclude Include="..\include\dcps\C++\isocpp\dds\sub\GenerationCount.hpp">
      <Filter>Header Files</Filter>
    </ClInclude>
    <ClInclude Include="..\include\dcps\C++\isocpp\dds\sub\LoanedSamples.hpp">
      <Filter>Header Files</Filter>
    </ClInclude>
    <ClInclude Include="..\include\dcps\C++\isocpp\dds\sub\qos\DataReaderQos.hpp">
      <Filter>Header Files</Filter>
    </ClInclude>
    <ClInclude Include="..\include\dcps\C++\isocpp\dds\sub\qos\detail\DataReaderQos.hpp">
      <Filter>Header Files</Filter>
    </ClInclude>
    <ClInclude Include="..\include\dcps\C++\isocpp\dds\sub\qos\detail\SubscriberQos.hpp">
      <Filter>Header Files</Filter>
    </ClInclude>
    <ClInclude Include="..\include\dcps\C++\isocpp\dds\sub\qos\SubscriberQos.hpp">
      <Filter>Header Files</Filter>
    </ClInclude>
    <ClInclude Include="..\include\dcps\C++\isocpp\dds\sub\Query.hpp">
      <Filter>Header Files</Filter>
    </ClInclude>
    <ClInclude Include="..\include\dcps\C++\isocpp\dds\sub\Rank.hpp">
      <Filter>Header Files</Filter>
    </ClInclude>
    <ClInclude Include="..\include\dcps\C++\isocpp\dds\sub\Sample.hpp">
      <Filter>Header Files</Filter>
    </ClInclude>
    <ClInclude Include="..\include\dcps\C++\isocpp\dds\sub\SampleInfo.hpp">
      <Filter>Header Files</Filter>
    </ClInclude>
    <ClInclude Include="..\include\dcps\C++\isocpp\dds\sub\SharedSamples.hpp">
      <Filter>Header Files</Filter>
    </ClInclude>
    <ClInclude Include="..\include\dcps\C++\isocpp\dds\sub\status\DataState.hpp">
      <Filter>Header Files</Filter>
    </ClInclude>
    <ClInclude Include="..\include\dcps\C++\isocpp\dds\sub\Subscriber.hpp">
      <Filter>Header Files</Filter>
    </ClInclude>
    <ClInclude Include="..\include\dcps\C++\isocpp\dds\sub\SubscriberListener.hpp">
      <Filter>Header Files</Filter>
    </ClInclude>
    <ClInclude Include="..\include\dcps\C++\isocpp\dds\sub\TCoherentAccess.hpp">
      <Filter>Header Files</Filter>
    </ClInclude>
    <ClInclude Include="..\include\dcps\C++\isocpp\dds\sub\TDataReader.hpp">
      <Filter>Header Files</Filter>
    </ClInclude>
    <ClInclude Include="..\include\dcps\C++\isocpp\dds\sub\TGenerationCount.hpp">
      <Filter>Header Files</Filter>
    </ClInclude>
    <ClInclude Include="..\include\dcps\C++\isocpp\dds\sub\TQuery.hpp">
      <Filter>Header Files</Filter>
    </ClInclude>
    <ClInclude Include="..\include\dcps\C++\isocpp\dds\sub\TRank.hpp">
      <Filter>Header Files</Filter>
    </ClInclude>
    <ClInclude Include="..\include\dcps\C++\isocpp\dds\sub\TSample.hpp">
      <Filter>Header Files</Filter>
    </ClInclude>
    <ClInclude Include="..\include\dcps\C++\isocpp\dds\sub\TSampleInfo.hpp">
      <Filter>Header Files</Filter>
    </ClInclude>
    <ClInclude Include="..\include\dcps\C++\isocpp\dds\sub\TSubscriber.hpp">
      <Filter>Header Files</Filter>
    </ClInclude>
    <ClInclude Include="..\include\dcps\C++\isocpp\dds\topic\AnyTopic.hpp">
      <Filter>Header Files</Filter>
    </ClInclude>
    <ClInclude Include="..\include\dcps\C++\isocpp\dds\topic\AnyTopicDescription.hpp">
      <Filter>Header Files</Filter>
    </ClInclude>
    <ClInclude Include="..\include\dcps\C++\isocpp\dds\topic\AnyTopicListener.hpp">
      <Filter>Header Files</Filter>
    </ClInclude>
    <ClInclude Include="..\include\dcps\C++\isocpp\dds\topic\BuiltinTopic.hpp">
      <Filter>Header Files</Filter>
    </ClInclude>
    <ClInclude Include="..\include\dcps\C++\isocpp\dds\topic\BuiltinTopicKey.hpp">
      <Filter>Header Files</Filter>
    </ClInclude>
    <ClInclude Include="..\include\dcps\C++\isocpp\dds\topic\ContentFilteredTopic.hpp">
      <Filter>Header Files</Filter>
    </ClInclude>
    <ClInclude Include="..\include\dcps\C++\isocpp\dds\topic\ddstopic.hpp">
      <Filter>Header Files</Filter>
    </ClInclude>
    <ClInclude Include="..\include\dcps\C++\isocpp\dds\topic\detail\AnyTopic.hpp">
      <Filter>Header Files</Filter>
    </ClInclude>
    <ClInclude Include="..\include\dcps\C++\isocpp\dds\topic\detail\AnyTopicDescription.hpp">
      <Filter>Header Files</Filter>
    </ClInclude>
    <ClInclude Include="..\include\dcps\C++\isocpp\dds\topic\detail\BuiltinTopic.hpp">
      <Filter>Header Files</Filter>
    </ClInclude>
    <ClInclude Include="..\include\dcps\C++\isocpp\dds\topic\detail\BuiltinTopicKey.hpp">
      <Filter>Header Files</Filter>
    </ClInclude>
    <ClInclude Include="..\include\dcps\C++\isocpp\dds\topic\detail\ContentFilteredTopic.hpp">
      <Filter>Header Files</Filter>
    </ClInclude>
    <ClInclude Include="..\include\dcps\C++\isocpp\dds\topic\detail\Filter.hpp">
      <Filter>Header Files</Filter>
    </ClInclude>
    <ClInclude Include="..\include\dcps\C++\isocpp\dds\topic\detail\find.hpp">
      <Filter>Header Files</Filter>
    </ClInclude>
    <ClInclude Include="..\include\dcps\C++\isocpp\dds\topic\detail\MultiTopic.hpp">
      <Filter>Header Files</Filter>
    </ClInclude>
    <ClInclude Include="..\include\dcps\C++\isocpp\dds\topic\detail\Topic.hpp">
      <Filter>Header Files</Filter>
    </ClInclude>
    <ClInclude Include="..\include\dcps\C++\isocpp\dds\topic\detail\TopicDescription.hpp">
      <Filter>Header Files</Filter>
    </ClInclude>
    <ClInclude Include="..\include\dcps\C++\isocpp\dds\topic\discovery.hpp">
      <Filter>Header Files</Filter>
    </ClInclude>
    <ClInclude Include="..\include\dcps\C++\isocpp\dds\topic\Filter.hpp">
      <Filter>Header Files</Filter>
    </ClInclude>
    <ClInclude Include="..\include\dcps\C++\isocpp\dds\topic\find.hpp">
      <Filter>Header Files</Filter>
    </ClInclude>
    <ClInclude Include="..\include\dcps\C++\isocpp\dds\topic\MultiTopic.hpp">
      <Filter>Header Files</Filter>
    </ClInclude>
    <ClInclude Include="..\include\dcps\C++\isocpp\dds\topic\qos\detail\TopicQos.hpp">
      <Filter>Header Files</Filter>
    </ClInclude>
    <ClInclude Include="..\include\dcps\C++\isocpp\dds\topic\qos\TopicQos.hpp">
      <Filter>Header Files</Filter>
    </ClInclude>
    <ClInclude Include="..\include\dcps\C++\isocpp\dds\topic\TBuiltinTopic.hpp">
      <Filter>Header Files</Filter>
    </ClInclude>
    <ClInclude Include="..\include\dcps\C++\isocpp\dds\topic\TBuiltinTopicKey.hpp">
      <Filter>Header Files</Filter>
    </ClInclude>
    <ClInclude Include="..\include\dcps\C++\isocpp\dds\topic\TContentFilteredTopic.hpp">
      <Filter>Header Files</Filter>
    </ClInclude>
    <ClInclude Include="..\include\dcps\C++\isocpp\dds\topic\TFilter.hpp">
      <Filter>Header Files</Filter>
    </ClInclude>
    <ClInclude Include="..\include\dcps\C++\isocpp\dds\topic\TMultiTopic.hpp">
      <Filter>Header Files</Filter>
    </ClInclude>
    <ClInclude Include="..\include\dcps\C++\isocpp\dds\topic\Topic.hpp">
      <Filter>Header Files</Filter>
    </ClInclude>
    <ClInclude Include="..\include\dcps\C++\isocpp\dds\topic\TopicDescription.hpp">
      <Filter>Header Files</Filter>
    </ClInclude>
    <ClInclude Include="..\include\dcps\C++\isocpp\dds\topic\TopicInstance.hpp">
      <Filter>Header Files</Filter>
    </ClInclude>
    <ClInclude Include="..\include\dcps\C++\isocpp\dds\topic\TopicListener.hpp">
      <Filter>Header Files</Filter>
    </ClInclude>
    <ClInclude Include="..\include\dcps\C++\isocpp\dds\topic\TopicTraits.hpp">
      <Filter>Header Files</Filter>
    </ClInclude>
    <ClInclude Include="..\include\dcps\C++\isocpp\dds\topic\TTopic.hpp">
      <Filter>Header Files</Filter>
    </ClInclude>
    <ClInclude Include="..\include\dcps\C++\isocpp\dds\topic\TTopicDescription.hpp">
      <Filter>Header Files</Filter>
    </ClInclude>
    <ClInclude Include="..\include\dcps\C++\isocpp\org\opensplice\core\ConditionImpl.hpp">
      <Filter>Header Files</Filter>
    </ClInclude>
    <ClInclude Include="..\include\dcps\C++\isocpp\org\opensplice\core\config.hpp">
      <Filter>Header Files</Filter>
    </ClInclude>
    <ClInclude Include="..\include\dcps\C++\isocpp\org\opensplice\core\EntityDelegate.hpp">
      <Filter>Header Files</Filter>
    </ClInclude>
    <ClInclude Include="..\include\dcps\C++\isocpp\org\opensplice\core\EntityRegistry.hpp">
      <Filter>Header Files</Filter>
    </ClInclude>
    <ClInclude Include="..\include\dcps\C++\isocpp\org\opensplice\core\exception_helper.hpp">
      <Filter>Header Files</Filter>
    </ClInclude>
    <ClInclude Include="..\include\dcps\C++\isocpp\org\opensplice\core\FunctorHolder.hpp">
      <Filter>Header Files</Filter>
    </ClInclude>
    <ClInclude Include="..\include\dcps\C++\isocpp\org\opensplice\core\GuardConditionImpl.hpp">
      <Filter>Header Files</Filter>
    </ClInclude>
    <ClInclude Include="..\include\dcps\C++\isocpp\org\opensplice\core\InstanceHandleImpl.hpp">
      <Filter>Header Files</Filter>
    </ClInclude>
    <ClInclude Include="..\include\dcps\C++\isocpp\org\opensplice\core\memory.hpp">
      <Filter>Header Files</Filter>
    </ClInclude>
    <ClInclude Include="..\include\dcps\C++\isocpp\org\opensplice\core\policy\CorePolicy.hpp">
      <Filter>Header Files</Filter>
    </ClInclude>
    <ClInclude Include="..\include\dcps\C++\isocpp\org\opensplice\core\policy\PolicyConverter.hpp">
      <Filter>Header Files</Filter>
    </ClInclude>
    <ClInclude Include="..\include\dcps\C++\isocpp\org\opensplice\core\policy\QosPolicyCountImpl.hpp">
      <Filter>Header Files</Filter>
    </ClInclude>
    <ClInclude Include="..\include\dcps\C++\isocpp\org\opensplice\core\QosProvider.hpp">
      <Filter>Header Files</Filter>
    </ClInclude>
    <ClInclude Include="..\include\dcps\C++\isocpp\org\opensplice\core\RegisterBuiltinTopics.hpp">
      <Filter>Header Files</Filter>
    </ClInclude>
    <ClInclude Include="..\include\dcps\C++\isocpp\org\opensplice\core\Retain.hpp">
      <Filter>Header Files</Filter>
    </ClInclude>
    <ClInclude Include="..\include\dcps\C++\isocpp\org\opensplice\core\StatusConditionImpl.hpp">
      <Filter>Header Files</Filter>
    </ClInclude>
    <ClInclude Include="..\include\dcps\C++\isocpp\org\opensplice\core\StatusConverter.hpp">
      <Filter>Header Files</Filter>
    </ClInclude>
    <ClInclude Include="..\include\dcps\C++\isocpp\org\opensplice\core\StatusImpl.hpp">
      <Filter>Header Files</Filter>
    </ClInclude>
    <ClInclude Include="..\include\dcps\C++\isocpp\org\opensplice\core\WaitSetImpl.hpp">
      <Filter>Header Files</Filter>
    </ClInclude>
    <ClInclude Include="..\include\dcps\C++\isocpp\org\opensplice\domain\Domain.hpp">
      <Filter>Header Files</Filter>
    </ClInclude>
    <ClInclude Include="..\include\dcps\C++\isocpp\org\opensplice\domain\DomainEventForwarder.hpp">
      <Filter>Header Files</Filter>
    </ClInclude>
    <ClInclude Include="..\include\dcps\C++\isocpp\org\opensplice\domain\DomainParticipantDelegate.hpp">
      <Filter>Header Files</Filter>
    </ClInclude>
    <ClInclude Include="..\include\dcps\C++\isocpp\org\opensplice\domain\qos\DomainParticipantQosImpl.hpp">
      <Filter>Header Files</Filter>
    </ClInclude>
    <ClInclude Include="..\include\dcps\C++\isocpp\org\opensplice\domain\qos\QosConverter.hpp">
      <Filter>Header Files</Filter>
    </ClInclude>
    <ClInclude Include="..\include\dcps\C++\isocpp\org\opensplice\pub\CoherentSetImpl.hpp">
      <Filter>Header Files</Filter>
    </ClInclude>
    <ClInclude Include="..\include\dcps\C++\isocpp\org\opensplice\pub\PublisherDelegate.hpp">
      <Filter>Header Files</Filter>
    </ClInclude>
    <ClInclude Include="..\include\dcps\C++\isocpp\org\opensplice\pub\PublisherEventForwarder.hpp">
      <Filter>Header Files</Filter>
    </ClInclude>
    <ClInclude Include="..\include\dcps\C++\isocpp\org\opensplice\pub\qos\DataWriterQosImpl.hpp">
      <Filter>Header Files</Filter>
    </ClInclude>
    <ClInclude Include="..\include\dcps\C++\isocpp\org\opensplice\pub\qos\PublisherQosImpl.hpp">
      <Filter>Header Files</Filter>
    </ClInclude>
    <ClInclude Include="..\include\dcps\C++\isocpp\org\opensplice\pub\qos\QosConverter.hpp">
      <Filter>Header Files</Filter>
    </ClInclude>
    <ClInclude Include="..\include\dcps\C++\isocpp\org\opensplice\pub\SuspendedPublicationImpl.hpp">
      <Filter>Header Files</Filter>
    </ClInclude>
    <ClInclude Include="..\include\dcps\C++\isocpp\org\opensplice\sub\CoherentAccessImpl.hpp">
      <Filter>Header Files</Filter>
    </ClInclude>
    <ClInclude Include="..\include\dcps\C++\isocpp\org\opensplice\sub\GenerationCountImpl.hpp">
      <Filter>Header Files</Filter>
    </ClInclude>
    <ClInclude Include="..\include\dcps\C++\isocpp\org\opensplice\sub\LoanedSequence.hpp">
      <Filter>Header Files</Filter>
    </ClInclude>
    <ClInclude Include="..\include\dcps\C++\isocpp\org\opensplice\sub\qos\DataReaderQosImpl.hpp">
      <Filter>Header Files</Filter>
    </ClInclude>
    <ClInclude Include="..\include\dcps\C++\isocpp\org\opensplice\sub\qos\QosConverter.hpp">
      <Filter>Header Files</Filter>
    </ClInclude>
    <ClInclude Include="..\include\dcps\C++\isocpp\org\opensplice\sub\qos\SubscriberQosImpl.hpp">
      <Filter>Header Files</Filter>
    </ClInclude>
    <ClInclude Include="..\include\dcps\C++\isocpp\org\opensplice\sub\RankImpl.hpp">
      <Filter>Header Files</Filter>
    </ClInclude>
    <ClInclude Include="..\include\dcps\C++\isocpp\org\opensplice\sub\SampleInfoImpl.hpp">
      <Filter>Header Files</Filter>
    </ClInclude>
    <ClInclude Include="..\include\dcps\C++\isocpp\org\opensplice\sub\SubscriberDelegate.hpp">
      <Filter>Header Files</Filter>
    </ClInclude>
    <ClInclude Include="..\include\dcps\C++\isocpp\org\opensplice\sub\SubscriberEventForwarder.hpp">
      <Filter>Header Files</Filter>
    </ClInclude>
    <ClInclude Include="..\include\dcps\C++\isocpp\org\opensplice\topic\BuiltinTopicImpl.hpp">
      <Filter>Header Files</Filter>
    </ClInclude>
    <ClInclude Include="..\include\dcps\C++\isocpp\org\opensplice\topic\BuiltinTopicKeyImpl.hpp">
      <Filter>Header Files</Filter>
    </ClInclude>
    <ClInclude Include="..\include\dcps\C++\isocpp\org\opensplice\topic\qos\QosConverter.hpp">
      <Filter>Header Files</Filter>
    </ClInclude>
    <ClInclude Include="..\include\dcps\C++\isocpp\org\opensplice\topic\qos\TopicQosImpl.hpp">
      <Filter>Header Files</Filter>
    </ClInclude>
    <ClInclude Include="..\include\dcps\C++\isocpp\org\opensplice\topic\TopicDescription.hpp">
      <Filter>Header Files</Filter>
    </ClInclude>
    <ClInclude Include="..\include\dcps\C++\isocpp\org\opensplice\topic\TopicTraits.hpp">
      <Filter>Header Files</Filter>
    </ClInclude>
    <ClInclude Include="..\include\dcps\C++\isocpp\spec\dds\core\array.hpp">
      <Filter>Header Files</Filter>
    </ClInclude>
    <ClInclude Include="..\include\dcps\C++\isocpp\spec\dds\core\BuiltinTopicTypes.hpp">
      <Filter>Header Files</Filter>
    </ClInclude>
    <ClInclude Include="..\include\dcps\C++\isocpp\spec\dds\core\cond\Condition.hpp">
      <Filter>Header Files</Filter>
    </ClInclude>
    <ClInclude Include="..\include\dcps\C++\isocpp\spec\dds\core\cond\GuardCondition.hpp">
      <Filter>Header Files</Filter>
    </ClInclude>
    <ClInclude Include="..\include\dcps\C++\isocpp\spec\dds\core\cond\StatusCondition.hpp">
      <Filter>Header Files</Filter>
    </ClInclude>
    <ClInclude Include="..\include\dcps\C++\isocpp\spec\dds\core\cond\TCondition.hpp">
      <Filter>Header Files</Filter>
    </ClInclude>
    <ClInclude Include="..\include\dcps\C++\isocpp\spec\dds\core\cond\TGuardCondition.hpp">
      <Filter>Header Files</Filter>
    </ClInclude>
    <ClInclude Include="..\include\dcps\C++\isocpp\spec\dds\core\cond\TStatusCondition.hpp">
      <Filter>Header Files</Filter>
    </ClInclude>
    <ClInclude Include="..\include\dcps\C++\isocpp\spec\dds\core\cond\TWaitSet.hpp">
      <Filter>Header Files</Filter>
    </ClInclude>
    <ClInclude Include="..\include\dcps\C++\isocpp\spec\dds\core\cond\WaitSet.hpp">
      <Filter>Header Files</Filter>
    </ClInclude>
    <ClInclude Include="..\include\dcps\C++\isocpp\spec\dds\core\conformance.hpp">
      <Filter>Header Files</Filter>
    </ClInclude>
    <ClInclude Include="..\include\dcps\C++\isocpp\spec\dds\core\ddscore.hpp">
      <Filter>Header Files</Filter>
    </ClInclude>
    <ClInclude Include="..\include\dcps\C++\isocpp\spec\dds\core\Duration.hpp">
      <Filter>Header Files</Filter>
    </ClInclude>
    <ClInclude Include="..\include\dcps\C++\isocpp\spec\dds\core\Entity.hpp">
      <Filter>Header Files</Filter>
    </ClInclude>
    <ClInclude Include="..\include\dcps\C++\isocpp\spec\dds\core\Exception.hpp">
      <Filter>Header Files</Filter>
    </ClInclude>
    <ClInclude Include="..\include\dcps\C++\isocpp\spec\dds\core\InstanceHandle.hpp">
      <Filter>Header Files</Filter>
    </ClInclude>
    <ClInclude Include="..\include\dcps\C++\isocpp\spec\dds\core\LengthUnlimited.hpp">
      <Filter>Header Files</Filter>
    </ClInclude>
    <ClInclude Include="..\include\dcps\C++\isocpp\spec\dds\core\macros.hpp">
      <Filter>Header Files</Filter>
    </ClInclude>
    <ClInclude Include="..\include\dcps\C++\isocpp\spec\dds\core\Optional.hpp">
      <Filter>Header Files</Filter>
    </ClInclude>
    <ClInclude Include="..\include\dcps\C++\isocpp\spec\dds\core\policy\CorePolicy.hpp">
      <Filter>Header Files</Filter>
    </ClInclude>
    <ClInclude Include="..\include\dcps\C++\isocpp\spec\dds\core\policy\PolicyKind.hpp">
      <Filter>Header Files</Filter>
    </ClInclude>
    <ClInclude Include="..\include\dcps\C++\isocpp\spec\dds\core\policy\QosPolicyCount.hpp">
      <Filter>Header Files</Filter>
    </ClInclude>
    <ClInclude Include="..\include\dcps\C++\isocpp\spec\dds\core\policy\TCorePolicy.hpp">
      <Filter>Header Files</Filter>
    </ClInclude>
    <ClInclude Include="..\include\dcps\C++\isocpp\spec\dds\core\policy\TQosPolicyCount.hpp">
      <Filter>Header Files</Filter>
    </ClInclude>
    <ClInclude Include="..\include\dcps\C++\isocpp\spec\dds\core\QosProvider.hpp">
      <Filter>Header Files</Filter>
    </ClInclude>
    <ClInclude Include="..\include\dcps\C++\isocpp\spec\dds\core\ref_traits.hpp">
      <Filter>Header Files</Filter>
    </ClInclude>
    <ClInclude Include="..\include\dcps\C++\isocpp\spec\dds\core\Reference.hpp">
      <Filter>Header Files</Filter>
    </ClInclude>
    <ClInclude Include="..\include\dcps\C++\isocpp\spec\dds\core\refmacros.hpp">
      <Filter>Header Files</Filter>
    </ClInclude>
    <ClInclude Include="..\include\dcps\C++\isocpp\spec\dds\core\SafeEnumeration.hpp">
      <Filter>Header Files</Filter>
    </ClInclude>
    <ClInclude Include="..\include\dcps\C++\isocpp\spec\dds\core\status\State.hpp">
      <Filter>Header Files</Filter>
    </ClInclude>
    <ClInclude Include="..\include\dcps\C++\isocpp\spec\dds\core\status\Status.hpp">
      <Filter>Header Files</Filter>
    </ClInclude>
    <ClInclude Include="..\include\dcps\C++\isocpp\spec\dds\core\status\TStatus.hpp">
      <Filter>Header Files</Filter>
    </ClInclude>
    <ClInclude Include="..\include\dcps\C++\isocpp\spec\dds\core\TBuiltinTopicTypes.hpp">
      <Filter>Header Files</Filter>
    </ClInclude>
    <ClInclude Include="..\include\dcps\C++\isocpp\spec\dds\core\TEntity.hpp">
      <Filter>Header Files</Filter>
    </ClInclude>
    <ClInclude Include="..\include\dcps\C++\isocpp\spec\dds\core\TEntityQos.hpp">
      <Filter>Header Files</Filter>
    </ClInclude>
    <ClInclude Include="..\include\dcps\C++\isocpp\spec\dds\core\Time.hpp">
      <Filter>Header Files</Filter>
    </ClInclude>
    <ClInclude Include="..\include\dcps\C++\isocpp\spec\dds\core\TInstanceHandle.hpp">
      <Filter>Header Files</Filter>
    </ClInclude>
    <ClInclude Include="..\include\dcps\C++\isocpp\spec\dds\core\TQosProvider.hpp">
      <Filter>Header Files</Filter>
    </ClInclude>
    <ClInclude Include="..\include\dcps\C++\isocpp\spec\dds\core\types.hpp">
      <Filter>Header Files</Filter>
    </ClInclude>
    <ClInclude Include="..\include\dcps\C++\isocpp\spec\dds\core\Value.hpp">
      <Filter>Header Files</Filter>
    </ClInclude>
    <ClInclude Include="..\include\dcps\C++\isocpp\spec\dds\core\WeakReference.hpp">
      <Filter>Header Files</Filter>
    </ClInclude>
    <ClInclude Include="..\include\dcps\C++\isocpp\spec\dds\core\xtypes\Annotations.hpp">
      <Filter>Header Files</Filter>
    </ClInclude>
    <ClInclude Include="..\include\dcps\C++\isocpp\spec\dds\core\xtypes\CollectionTypes.hpp">
      <Filter>Header Files</Filter>
    </ClInclude>
    <ClInclude Include="..\include\dcps\C++\isocpp\spec\dds\core\xtypes\DynamicData.hpp">
      <Filter>Header Files</Filter>
    </ClInclude>
    <ClInclude Include="..\include\dcps\C++\isocpp\spec\dds\core\xtypes\DynamicType.hpp">
      <Filter>Header Files</Filter>
    </ClInclude>
    <ClInclude Include="..\include\dcps\C++\isocpp\spec\dds\core\xtypes\MemberType.hpp">
      <Filter>Header Files</Filter>
    </ClInclude>
    <ClInclude Include="..\include\dcps\C++\isocpp\spec\dds\core\xtypes\PrimitiveTypes.hpp">
      <Filter>Header Files</Filter>
    </ClInclude>
    <ClInclude Include="..\include\dcps\C++\isocpp\spec\dds\core\xtypes\StructType.hpp">
      <Filter>Header Files</Filter>
    </ClInclude>
    <ClInclude Include="..\include\dcps\C++\isocpp\spec\dds\core\xtypes\TAnnotation.hpp">
      <Filter>Header Files</Filter>
    </ClInclude>
    <ClInclude Include="..\include\dcps\C++\isocpp\spec\dds\core\xtypes\TCollectionTypes.hpp">
      <Filter>Header Files</Filter>
    </ClInclude>
    <ClInclude Include="..\include\dcps\C++\isocpp\spec\dds\core\xtypes\TDynamicData.hpp">
      <Filter>Header Files</Filter>
    </ClInclude>
    <ClInclude Include="..\include\dcps\C++\isocpp\spec\dds\core\xtypes\TDynamicType.hpp">
      <Filter>Header Files</Filter>
    </ClInclude>
    <ClInclude Include="..\include\dcps\C++\isocpp\spec\dds\core\xtypes\TMemberType.hpp">
      <Filter>Header Files</Filter>
    </ClInclude>
    <ClInclude Include="..\include\dcps\C++\isocpp\spec\dds\core\xtypes\TStructType.hpp">
      <Filter>Header Files</Filter>
    </ClInclude>
    <ClInclude Include="..\include\dcps\C++\isocpp\spec\dds\core\xtypes\TTypeProvider.hpp">
      <Filter>Header Files</Filter>
    </ClInclude>
    <ClInclude Include="..\include\dcps\C++\isocpp\spec\dds\core\xtypes\TypeKind.hpp">
      <Filter>Header Files</Filter>
    </ClInclude>
    <ClInclude Include="..\include\dcps\C++\isocpp\spec\dds\core\xtypes\TypeProvider.hpp">
      <Filter>Header Files</Filter>
    </ClInclude>
    <ClInclude Include="..\include\dcps\C++\isocpp\spec\dds\core\xtypes\UnionCase.hpp">
      <Filter>Header Files</Filter>
    </ClInclude>
    <ClInclude Include="..\include\dcps\C++\isocpp\spec\dds\core\xtypes\UnionType.hpp">
      <Filter>Header Files</Filter>
    </ClInclude>
    <ClInclude Include="..\include\dcps\C++\isocpp\spec\dds\dds.hpp">
      <Filter>Header Files</Filter>
    </ClInclude>
    <ClInclude Include="..\include\dcps\C++\isocpp\spec\dds\domain\ddsdomain.hpp">
      <Filter>Header Files</Filter>
    </ClInclude>
    <ClInclude Include="..\include\dcps\C++\isocpp\spec\dds\domain\discovery.hpp">
      <Filter>Header Files</Filter>
    </ClInclude>
    <ClInclude Include="..\include\dcps\C++\isocpp\spec\dds\domain\DomainParticipant.hpp">
      <Filter>Header Files</Filter>
    </ClInclude>
    <ClInclude Include="..\include\dcps\C++\isocpp\spec\dds\domain\DomainParticipantListener.hpp">
      <Filter>Header Files</Filter>
    </ClInclude>
    <ClInclude Include="..\include\dcps\C++\isocpp\spec\dds\domain\find.hpp">
      <Filter>Header Files</Filter>
    </ClInclude>
    <ClInclude Include="..\include\dcps\C++\isocpp\spec\dds\domain\qos\DomainParticipantQos.hpp">
      <Filter>Header Files</Filter>
    </ClInclude>
    <ClInclude Include="..\include\dcps\C++\isocpp\spec\dds\domain\TDomainParticipant.hpp">
      <Filter>Header Files</Filter>
    </ClInclude>
    <ClInclude Include="..\include\dcps\C++\isocpp\spec\dds\pub\AnyDataWriter.hpp">
      <Filter>Header Files</Filter>
    </ClInclude>
    <ClInclude Include="..\include\dcps\C++\isocpp\spec\dds\pub\AnyDataWriterListener.hpp">
      <Filter>Header Files</Filter>
    </ClInclude>
    <ClInclude Include="..\include\dcps\C++\isocpp\spec\dds\pub\CoherentSet.hpp">
      <Filter>Header Files</Filter>
    </ClInclude>
    <ClInclude Include="..\include\dcps\C++\isocpp\spec\dds\pub\DataWriter.hpp">
      <Filter>Header Files</Filter>
    </ClInclude>
    <ClInclude Include="..\include\dcps\C++\isocpp\spec\dds\pub\DataWriterListener.hpp">
      <Filter>Header Files</Filter>
    </ClInclude>
    <ClInclude Include="..\include\dcps\C++\isocpp\spec\dds\pub\ddspub.hpp">
      <Filter>Header Files</Filter>
    </ClInclude>
    <ClInclude Include="..\include\dcps\C++\isocpp\spec\dds\pub\discovery.hpp">
      <Filter>Header Files</Filter>
    </ClInclude>
    <ClInclude Include="..\include\dcps\C++\isocpp\spec\dds\pub\find.hpp">
      <Filter>Header Files</Filter>
    </ClInclude>
    <ClInclude Include="..\include\dcps\C++\isocpp\spec\dds\pub\Publisher.hpp">
      <Filter>Header Files</Filter>
    </ClInclude>
    <ClInclude Include="..\include\dcps\C++\isocpp\spec\dds\pub\PublisherListener.hpp">
      <Filter>Header Files</Filter>
    </ClInclude>
    <ClInclude Include="..\include\dcps\C++\isocpp\spec\dds\pub\qos\DataWriterQos.hpp">
      <Filter>Header Files</Filter>
    </ClInclude>
    <ClInclude Include="..\include\dcps\C++\isocpp\spec\dds\pub\qos\PublisherQos.hpp">
      <Filter>Header Files</Filter>
    </ClInclude>
    <ClInclude Include="..\include\dcps\C++\isocpp\spec\dds\pub\SuspendedPublication.hpp">
      <Filter>Header Files</Filter>
    </ClInclude>
    <ClInclude Include="..\include\dcps\C++\isocpp\spec\dds\pub\TCoherentSet.hpp">
      <Filter>Header Files</Filter>
    </ClInclude>
    <ClInclude Include="..\include\dcps\C++\isocpp\spec\dds\pub\TPublisher.hpp">
      <Filter>Header Files</Filter>
    </ClInclude>
    <ClInclude Include="..\include\dcps\C++\isocpp\spec\dds\pub\TSuspendedPublication.hpp">
      <Filter>Header Files</Filter>
    </ClInclude>
    <ClInclude Include="..\include\dcps\C++\isocpp\spec\dds\sub\AnyDataReader.hpp">
      <Filter>Header Files</Filter>
    </ClInclude>
    <ClInclude Include="..\include\dcps\C++\isocpp\spec\dds\sub\AnyDataReaderListener.hpp">
      <Filter>Header Files</Filter>
    </ClInclude>
    <ClInclude Include="..\include\dcps\C++\isocpp\spec\dds\sub\CoherentAccess.hpp">
      <Filter>Header Files</Filter>
    </ClInclude>
    <ClInclude Include="..\include\dcps\C++\isocpp\spec\dds\sub\cond\QueryCondition.hpp">
      <Filter>Header Files</Filter>
    </ClInclude>
    <ClInclude Include="..\include\dcps\C++\isocpp\spec\dds\sub\cond\ReadCondition.hpp">
      <Filter>Header Files</Filter>
    </ClInclude>
    <ClInclude Include="..\include\dcps\C++\isocpp\spec\dds\sub\cond\TReadCondition.hpp">
      <Filter>Header Files</Filter>
    </ClInclude>
    <ClInclude Include="..\include\dcps\C++\isocpp\spec\dds\sub\DataReader.hpp">
      <Filter>Header Files</Filter>
    </ClInclude>
    <ClInclude Include="..\include\dcps\C++\isocpp\spec\dds\sub\DataReaderListener.hpp">
      <Filter>Header Files</Filter>
    </ClInclude>
    <ClInclude Include="..\include\dcps\C++\isocpp\spec\dds\sub\ddssub.hpp">
      <Filter>Header Files</Filter>
    </ClInclude>
    <ClInclude Include="..\include\dcps\C++\isocpp\spec\dds\sub\discovery.hpp">
      <Filter>Header Files</Filter>
    </ClInclude>
    <ClInclude Include="..\include\dcps\C++\isocpp\spec\dds\sub\find.hpp">
      <Filter>Header Files</Filter>
    </ClInclude>
    <ClInclude Include="..\include\dcps\C++\isocpp\spec\dds\sub\GenerationCount.hpp">
      <Filter>Header Files</Filter>
    </ClInclude>
    <ClInclude Include="..\include\dcps\C++\isocpp\spec\dds\sub\LoanedSamples.hpp">
      <Filter>Header Files</Filter>
    </ClInclude>
    <ClInclude Include="..\include\dcps\C++\isocpp\spec\dds\sub\qos\DataReaderQos.hpp">
      <Filter>Header Files</Filter>
    </ClInclude>
    <ClInclude Include="..\include\dcps\C++\isocpp\spec\dds\sub\qos\SubscriberQos.hpp">
      <Filter>Header Files</Filter>
    </ClInclude>
    <ClInclude Include="..\include\dcps\C++\isocpp\spec\dds\sub\Query.hpp">
      <Filter>Header Files</Filter>
    </ClInclude>
    <ClInclude Include="..\include\dcps\C++\isocpp\spec\dds\sub\Rank.hpp">
      <Filter>Header Files</Filter>
    </ClInclude>
    <ClInclude Include="..\include\dcps\C++\isocpp\spec\dds\sub\Sample.hpp">
      <Filter>Header Files</Filter>
    </ClInclude>
    <ClInclude Include="..\include\dcps\C++\isocpp\spec\dds\sub\SampleInfo.hpp">
      <Filter>Header Files</Filter>
    </ClInclude>
    <ClInclude Include="..\include\dcps\C++\isocpp\spec\dds\sub\SharedSamples.hpp">
      <Filter>Header Files</Filter>
    </ClInclude>
    <ClInclude Include="..\include\dcps\C++\isocpp\spec\dds\sub\status\DataState.hpp">
      <Filter>Header Files</Filter>
    </ClInclude>
    <ClInclude Include="..\include\dcps\C++\isocpp\spec\dds\sub\Subscriber.hpp">
      <Filter>Header Files</Filter>
    </ClInclude>
    <ClInclude Include="..\include\dcps\C++\isocpp\spec\dds\sub\SubscriberListener.hpp">
      <Filter>Header Files</Filter>
    </ClInclude>
    <ClInclude Include="..\include\dcps\C++\isocpp\spec\dds\sub\TCoherentAccess.hpp">
      <Filter>Header Files</Filter>
    </ClInclude>
    <ClInclude Include="..\include\dcps\C++\isocpp\spec\dds\sub\TDataReader.hpp">
      <Filter>Header Files</Filter>
    </ClInclude>
    <ClInclude Include="..\include\dcps\C++\isocpp\spec\dds\sub\TGenerationCount.hpp">
      <Filter>Header Files</Filter>
    </ClInclude>
    <ClInclude Include="..\include\dcps\C++\isocpp\spec\dds\sub\TQuery.hpp">
      <Filter>Header Files</Filter>
    </ClInclude>
    <ClInclude Include="..\include\dcps\C++\isocpp\spec\dds\sub\TRank.hpp">
      <Filter>Header Files</Filter>
    </ClInclude>
    <ClInclude Include="..\include\dcps\C++\isocpp\spec\dds\sub\TSample.hpp">
      <Filter>Header Files</Filter>
    </ClInclude>
    <ClInclude Include="..\include\dcps\C++\isocpp\spec\dds\sub\TSampleInfo.hpp">
      <Filter>Header Files</Filter>
    </ClInclude>
    <ClInclude Include="..\include\dcps\C++\isocpp\spec\dds\sub\TSubscriber.hpp">
      <Filter>Header Files</Filter>
    </ClInclude>
    <ClInclude Include="..\include\dcps\C++\isocpp\spec\dds\topic\AnyTopic.hpp">
      <Filter>Header Files</Filter>
    </ClInclude>
    <ClInclude Include="..\include\dcps\C++\isocpp\spec\dds\topic\AnyTopicDescription.hpp">
      <Filter>Header Files</Filter>
    </ClInclude>
    <ClInclude Include="..\include\dcps\C++\isocpp\spec\dds\topic\AnyTopicListener.hpp">
      <Filter>Header Files</Filter>
    </ClInclude>
    <ClInclude Include="..\include\dcps\C++\isocpp\spec\dds\topic\BuiltinTopic.hpp">
      <Filter>Header Files</Filter>
    </ClInclude>
    <ClInclude Include="..\include\dcps\C++\isocpp\spec\dds\topic\BuiltinTopicKey.hpp">
      <Filter>Header Files</Filter>
    </ClInclude>
    <ClInclude Include="..\include\dcps\C++\isocpp\spec\dds\topic\ContentFilteredTopic.hpp">
      <Filter>Header Files</Filter>
    </ClInclude>
    <ClInclude Include="..\include\dcps\C++\isocpp\spec\dds\topic\ddstopic.hpp">
      <Filter>Header Files</Filter>
    </ClInclude>
    <ClInclude Include="..\include\dcps\C++\isocpp\spec\dds\topic\discovery.hpp">
      <Filter>Header Files</Filter>
    </ClInclude>
    <ClInclude Include="..\include\dcps\C++\isocpp\spec\dds\topic\Filter.hpp">
      <Filter>Header Files</Filter>
    </ClInclude>
    <ClInclude Include="..\include\dcps\C++\isocpp\spec\dds\topic\find.hpp">
      <Filter>Header Files</Filter>
    </ClInclude>
    <ClInclude Include="..\include\dcps\C++\isocpp\spec\dds\topic\MultiTopic.hpp">
      <Filter>Header Files</Filter>
    </ClInclude>
    <ClInclude Include="..\include\dcps\C++\isocpp\spec\dds\topic\qos\TopicQos.hpp">
      <Filter>Header Files</Filter>
    </ClInclude>
    <ClInclude Include="..\include\dcps\C++\isocpp\spec\dds\topic\TBuiltinTopic.hpp">
      <Filter>Header Files</Filter>
    </ClInclude>
    <ClInclude Include="..\include\dcps\C++\isocpp\spec\dds\topic\TBuiltinTopicKey.hpp">
      <Filter>Header Files</Filter>
    </ClInclude>
    <ClInclude Include="..\include\dcps\C++\isocpp\spec\dds\topic\TContentFilteredTopic.hpp">
      <Filter>Header Files</Filter>
    </ClInclude>
    <ClInclude Include="..\include\dcps\C++\isocpp\spec\dds\topic\TFilter.hpp">
      <Filter>Header Files</Filter>
    </ClInclude>
    <ClInclude Include="..\include\dcps\C++\isocpp\spec\dds\topic\TMultiTopic.hpp">
      <Filter>Header Files</Filter>
    </ClInclude>
    <ClInclude Include="..\include\dcps\C++\isocpp\spec\dds\topic\Topic.hpp">
      <Filter>Header Files</Filter>
    </ClInclude>
    <ClInclude Include="..\include\dcps\C++\isocpp\spec\dds\topic\TopicDescription.hpp">
      <Filter>Header Files</Filter>
    </ClInclude>
    <ClInclude Include="..\include\dcps\C++\isocpp\spec\dds\topic\TopicInstance.hpp">
      <Filter>Header Files</Filter>
    </ClInclude>
    <ClInclude Include="..\include\dcps\C++\isocpp\spec\dds\topic\TopicListener.hpp">
      <Filter>Header Files</Filter>
    </ClInclude>
    <ClInclude Include="..\include\dcps\C++\isocpp\spec\dds\topic\TopicTraits.hpp">
      <Filter>Header Files</Filter>
    </ClInclude>
    <ClInclude Include="..\include\dcps\C++\isocpp\spec\dds\topic\TTopic.hpp">
      <Filter>Header Files</Filter>
    </ClInclude>
    <ClInclude Include="..\include\dcps\C++\isocpp\spec\dds\topic\TTopicDescription.hpp">
      <Filter>Header Files</Filter>
    </ClInclude>
    <ClInclude Include="sacpp\generated\ccpp_dds_builtinTopics.h">
      <Filter>Header Files</Filter>
    </ClInclude>
    <ClInclude Include="sacpp\generated\ccpp_dds_dcps_builtintopics.h">
      <Filter>Header Files</Filter>
    </ClInclude>
    <ClInclude Include="sacpp\generated\ccpp_dds_namedQosTypes.h">
      <Filter>Header Files</Filter>
    </ClInclude>
    <ClInclude Include="sacpp\generated\dds_builtinTopics.h">
      <Filter>Header Files</Filter>
    </ClInclude>
    <ClInclude Include="sacpp\generated\dds_builtinTopicsDcps.h">
      <Filter>Header Files</Filter>
    </ClInclude>
    <ClInclude Include="sacpp\generated\dds_builtinTopicsDcps_impl.h">
      <Filter>Header Files</Filter>
    </ClInclude>
    <ClInclude Include="sacpp\generated\dds_builtinTopicsSplDcps.h">
      <Filter>Header Files</Filter>
    </ClInclude>
    <ClInclude Include="sacpp\generated\dds_dcps_builtintopics.h">
      <Filter>Header Files</Filter>
    </ClInclude>
    <ClInclude Include="sacpp\generated\dds_dcps_builtintopicsDcps.h">
      <Filter>Header Files</Filter>
    </ClInclude>
    <ClInclude Include="sacpp\generated\dds_dcps_builtintopicsDcps_impl.h">
      <Filter>Header Files</Filter>
    </ClInclude>
    <ClInclude Include="sacpp\generated\dds_dcps_builtintopicsSplDcps.h">
      <Filter>Header Files</Filter>
    </ClInclude>
    <ClInclude Include="sacpp\generated\dds_namedQosTypes.h">
      <Filter>Header Files</Filter>
    </ClInclude>
    <ClInclude Include="sacpp\generated\dds_namedQosTypesDcps.h">
      <Filter>Header Files</Filter>
    </ClInclude>
    <ClInclude Include="sacpp\generated\dds_namedQosTypesDcps_impl.h">
      <Filter>Header Files</Filter>
    </ClInclude>
    <ClInclude Include="sacpp\generated\dds_namedQosTypesSplDcps.h">
      <Filter>Header Files</Filter>
    </ClInclude>
  </ItemGroup>
  <ItemGroup>
    <CustomBuild Include="..\etc\idl\dds_builtinTopics.idl">
      <Filter>Typesupport Files</Filter>
    </CustomBuild>
    <CustomBuild Include="..\etc\idl\dds_dcps_builtintopics.idl">
      <Filter>Typesupport Files</Filter>
    </CustomBuild>
    <CustomBuild Include="..\etc\idl\dds_namedQosTypes.idl">
      <Filter>Typesupport Files</Filter>
    </CustomBuild>
  </ItemGroup>
  <ItemGroup>
    <CustomBuild Include="isocpp\README.md">
      <Filter>Documentation</Filter>
    </CustomBuild>
  </ItemGroup>
</Project>
