<?xml version="1.0" encoding="utf-8"?>
<Project ToolsVersion="12.0" xmlns="http://schemas.microsoft.com/developer/msbuild/2003">
  <ItemGroup>
    <Filter Include="Source Files">
      <UniqueIdentifier>{B1F27843-FECA-1BAD-3393-87C0D6FE7ADE}</UniqueIdentifier>
      <Extensions>cpp;cxx;cc;c;C</Extensions>
    </Filter>
    <Filter Include="Header Files">
      <UniqueIdentifier>{06319535-FECA-1BAD-3393-87C0D6FE7ADE}</UniqueIdentifier>
      <Extensions>h;hpp;hxx;hh</Extensions>
    </Filter>
    <Filter Include="Typesupport Files">
      <UniqueIdentifier>{B7B4DD38-FECA-1BAD-3393-87C0D6FE7ADE}</UniqueIdentifier>
      <Extensions>idl</Extensions>
    </Filter>
    <Filter Include="Documentation">
      <UniqueIdentifier>{B14BBA74-FECA-1BAD-3393-87C0D6FE7ADE}</UniqueIdentifier>
    </Filter>
  </ItemGroup>
  <ItemGroup>
    <ClCompile Include="sacpp\ccpp_Condition_impl.cpp">
      <Filter>Source Files</Filter>
    </ClCompile>
    <ClCompile Include="sacpp\ccpp_ContentFilteredTopic_impl.cpp">
      <Filter>Source Files</Filter>
    </ClCompile>
    <ClCompile Include="sacpp\ccpp_DataReader_impl.cpp">
      <Filter>Source Files</Filter>
    </ClCompile>
    <ClCompile Include="sacpp\ccpp_DataReaderView_impl.cpp">
      <Filter>Source Files</Filter>
    </ClCompile>
    <ClCompile Include="sacpp\ccpp_DataWriter_impl.cpp">
      <Filter>Source Files</Filter>
    </ClCompile>
    <ClCompile Include="sacpp\ccpp_Domain_impl.cpp">
      <Filter>Source Files</Filter>
    </ClCompile>
    <ClCompile Include="sacpp\ccpp_DomainParticipant_impl.cpp">
      <Filter>Source Files</Filter>
    </ClCompile>
    <ClCompile Include="sacpp\ccpp_DomainParticipantFactory.cpp">
      <Filter>Source Files</Filter>
    </ClCompile>
    <ClCompile Include="sacpp\ccpp_Entity_impl.cpp">
      <Filter>Source Files</Filter>
    </ClCompile>
    <ClCompile Include="sacpp\ccpp_ErrorInfo.cpp">
      <Filter>Source Files</Filter>
    </ClCompile>
    <ClCompile Include="sacpp\ccpp_GuardCondition.cpp">
      <Filter>Source Files</Filter>
    </ClCompile>
    <ClCompile Include="sacpp\ccpp_ListenerUtils.cpp">
      <Filter>Source Files</Filter>
    </ClCompile>
    <ClCompile Include="sacpp\ccpp_MultiTopic_impl.cpp">
      <Filter>Source Files</Filter>
    </ClCompile>
    <ClCompile Include="sacpp\ccpp_Publisher_impl.cpp">
      <Filter>Source Files</Filter>
    </ClCompile>
    <ClCompile Include="sacpp\ccpp_QosProvider.cpp">
      <Filter>Source Files</Filter>
    </ClCompile>
    <ClCompile Include="sacpp\ccpp_QosUtils.cpp">
      <Filter>Source Files</Filter>
    </ClCompile>
    <ClCompile Include="sacpp\ccpp_QueryCondition_impl.cpp">
      <Filter>Source Files</Filter>
    </ClCompile>
    <ClCompile Include="sacpp\ccpp_ReadCondition_impl.cpp">
      <Filter>Source Files</Filter>
    </ClCompile>
    <ClCompile Include="sacpp\ccpp_StatusCondition_impl.cpp">
      <Filter>Source Files</Filter>
    </ClCompile>
    <ClCompile Include="sacpp\ccpp_Subscriber_impl.cpp">
      <Filter>Source Files</Filter>
    </ClCompile>
    <ClCompile Include="sacpp\ccpp_Topic_impl.cpp">
      <Filter>Source Files</Filter>
    </ClCompile>
    <ClCompile Include="sacpp\ccpp_TopicDescription_impl.cpp">
      <Filter>Source Files</Filter>
    </ClCompile>
    <ClCompile Include="sacpp\ccpp_TypeSupport_impl.cpp">
      <Filter>Source Files</Filter>
    </ClCompile>
    <ClCompile Include="sacpp\ccpp_Utils.cpp">
      <Filter>Source Files</Filter>
    </ClCompile>
    <ClCompile Include="sacpp\ccpp_WaitSet.cpp">
      <Filter>Source Files</Filter>
    </ClCompile>
    <ClCompile Include="sacpp\dds_dcps.cpp">
      <Filter>Source Files</Filter>
    </ClCompile>
    <ClCompile Include="sacpp\generated\dds_builtinTopics.cpp">
      <Filter>Source Files</Filter>
    </ClCompile>
    <ClCompile Include="sacpp\generated\dds_builtinTopicsDcps.cpp">
      <Filter>Source Files</Filter>
    </ClCompile>
    <ClCompile Include="sacpp\generated\dds_builtinTopicsDcps_impl.cpp">
      <Filter>Source Files</Filter>
    </ClCompile>
    <ClCompile Include="sacpp\generated\dds_builtinTopicsSplDcps.cpp">
      <Filter>Source Files</Filter>
    </ClCompile>
    <ClCompile Include="sacpp\generated\dds_dcps_builtintopics.cpp">
      <Filter>Source Files</Filter>
    </ClCompile>
    <ClCompile Include="sacpp\generated\dds_dcps_builtintopicsDcps.cpp">
      <Filter>Source Files</Filter>
    </ClCompile>
    <ClCompile Include="sacpp\generated\dds_dcps_builtintopicsDcps_impl.cpp">
      <Filter>Source Files</Filter>
    </ClCompile>
    <ClCompile Include="sacpp\generated\dds_dcps_builtintopicsSplDcps.cpp">
      <Filter>Source Files</Filter>
    </ClCompile>
    <ClCompile Include="sacpp\generated\dds_namedQosTypes.cpp">
      <Filter>Source Files</Filter>
    </ClCompile>
    <ClCompile Include="sacpp\generated\dds_namedQosTypesDcps.cpp">
      <Filter>Source Files</Filter>
    </ClCompile>
    <ClCompile Include="sacpp\generated\dds_namedQosTypesDcps_impl.cpp">
      <Filter>Source Files</Filter>
    </ClCompile>
    <ClCompile Include="sacpp\generated\dds_namedQosTypesSplDcps.cpp">
      <Filter>Source Files</Filter>
    </ClCompile>
    <ClCompile Include="sacpp\sacpp_DefaultValueRefCountBase.cpp">
      <Filter>Source Files</Filter>
    </ClCompile>
    <ClCompile Include="sacpp\sacpp_Exception.cpp">
      <Filter>Source Files</Filter>
    </ClCompile>
    <ClCompile Include="sacpp\sacpp_ExceptionInitializer.cpp">
      <Filter>Source Files</Filter>
    </ClCompile>
    <ClCompile Include="sacpp\sacpp_LocalObject.cpp">
      <Filter>Source Files</Filter>
    </ClCompile>
    <ClCompile Include="sacpp\sacpp_Object.cpp">
      <Filter>Source Files</Filter>
    </ClCompile>
    <ClCompile Include="sacpp\sacpp_SystemException.cpp">
      <Filter>Source Files</Filter>
    </ClCompile>
    <ClCompile Include="sacpp\sacpp_UserException.cpp">
      <Filter>Source Files</Filter>
    </ClCompile>
    <ClCompile Include="sacpp\sacpp_ValueBase.cpp">
      <Filter>Source Files</Filter>
    </ClCompile>
  </ItemGroup>
  <ItemGroup>
    <ClInclude Include="sacpp\generated\ccpp_dds_builtinTopics.h">
      <Filter>Header Files</Filter>
    </ClInclude>
    <ClInclude Include="sacpp\generated\ccpp_dds_dcps_builtintopics.h">
      <Filter>Header Files</Filter>
    </ClInclude>
    <ClInclude Include="sacpp\generated\ccpp_dds_namedQosTypes.h">
      <Filter>Header Files</Filter>
    </ClInclude>
    <ClInclude Include="sacpp\generated\dds_builtinTopics.h">
      <Filter>Header Files</Filter>
    </ClInclude>
    <ClInclude Include="sacpp\generated\dds_builtinTopicsDcps.h">
      <Filter>Header Files</Filter>
    </ClInclude>
    <ClInclude Include="sacpp\generated\dds_builtinTopicsDcps_impl.h">
      <Filter>Header Files</Filter>
    </ClInclude>
    <ClInclude Include="sacpp\generated\dds_builtinTopicsSplDcps.h">
      <Filter>Header Files</Filter>
    </ClInclude>
    <ClInclude Include="sacpp\generated\dds_dcps_builtintopics.h">
      <Filter>Header Files</Filter>
    </ClInclude>
    <ClInclude Include="sacpp\generated\dds_dcps_builtintopicsDcps.h">
      <Filter>Header Files</Filter>
    </ClInclude>
    <ClInclude Include="sacpp\generated\dds_dcps_builtintopicsDcps_impl.h">
      <Filter>Header Files</Filter>
    </ClInclude>
    <ClInclude Include="sacpp\generated\dds_dcps_builtintopicsSplDcps.h">
      <Filter>Header Files</Filter>
    </ClInclude>
    <ClInclude Include="sacpp\generated\dds_namedQosTypes.h">
      <Filter>Header Files</Filter>
    </ClInclude>
    <ClInclude Include="sacpp\generated\dds_namedQosTypesDcps.h">
      <Filter>Header Files</Filter>
    </ClInclude>
    <ClInclude Include="sacpp\generated\dds_namedQosTypesDcps_impl.h">
      <Filter>Header Files</Filter>
    </ClInclude>
    <ClInclude Include="sacpp\generated\dds_namedQosTypesSplDcps.h">
      <Filter>Header Files</Filter>
    </ClInclude>
  </ItemGroup>
  <ItemGroup>
    <CustomBuild Include="..\etc\idl\dds_builtinTopics.idl">
      <Filter>Typesupport Files</Filter>
    </CustomBuild>
    <CustomBuild Include="..\etc\idl\dds_dcps_builtintopics.idl">
      <Filter>Typesupport Files</Filter>
    </CustomBuild>
    <CustomBuild Include="..\etc\idl\dds_namedQosTypes.idl">
      <Filter>Typesupport Files</Filter>
    </CustomBuild>
  </ItemGroup>
  <ItemGroup>
    <CustomBuild Include="sacpp\README">
      <Filter>Documentation</Filter>
    </CustomBuild>
  </ItemGroup>
</Project>
