
Microsoft Visual Studio Solution File, Format Version 12.00
# Visual Studio 2012
# $Id$
#
# This file was generated by MPC.  Any changes made directly to
# this file will be lost the next time it is generated.
#
# MPC Command:
# /home/dds/OvernightTests/tmp_XEJFDMLtq7/build/bin/mwc.pl -features ospl_os_host_win=1 -features ospl_dcpssacs=1 -features ospl_os_win=1 -features ospl_64_bit=1 -value_template lib_modifier= -include /bin/MakeProjectCreator/config -include /bin/MakeProjectCreator/config/TAO -features ospl_os_ver_64=1 -features x86_64_win64=1 -features ospl_arch_x86_64=1 -value_template configurations=Release -type vc12 HDE/x86_64.win64/custom_lib
Project("{8BC9CEB8-8B4A-11D0-8D11-00A0C91BC942}") = "Build_DCPS_ISO_Cpp_Lib", "Build_DCPS_ISO_Cpp_Lib.vcxproj", "{A6C4AA5A-FECA-1BAD-B224-361DD6FE7ADE}"
EndProject
Project("{8BC9CEB8-8B4A-11D0-8D11-00A0C91BC942}") = "Build_DCPS_Stand_Alone_Cpp_Lib", "Build_DCPS_Stand_Alone_Cpp_Lib.vcxproj", "{27731B87-FECA-1BAD-3393-87C0D6FE7ADE}"
EndProject
Global
	GlobalSection(SolutionConfigurationPlatforms) = preSolution
		Release|x64 = Release|x64
	EndGlobalSection
	GlobalSection(ProjectConfigurationPlatforms) = postSolution
		{A6C4AA5A-FECA-1BAD-B224-361DD6FE7ADE}.Release|x64.ActiveCfg = Release|x64
		{A6C4AA5A-FECA-1BAD-B224-361DD6FE7ADE}.Release|x64.Build.0 = Release|x64
		{27731B87-FECA-1BAD-3393-87C0D6FE7ADE}.Release|x64.ActiveCfg = Release|x64
		{27731B87-FECA-1BAD-3393-87C0D6FE7ADE}.Release|x64.Build.0 = Release|x64
	EndGlobalSection
	GlobalSection(SolutionProperties) = preSolution
		HideSolutionNode = FALSE
	EndGlobalSection
EndGlobal
