<?xml version="1.0" encoding="utf-8"?>
<Project ToolsVersion="12.0" xmlns="http://schemas.microsoft.com/developer/msbuild/2003">
  <ItemGroup>
    <Filter Include="Source Files">
      <UniqueIdentifier>{B1F27843-FECA-1BAD-6621-E63DF25AB4E4}</UniqueIdentifier>
      <Extensions>cpp;cxx;cc;c;C</Extensions>
    </Filter>
    <Filter Include="Header Files">
      <UniqueIdentifier>{06319535-FECA-1BAD-6621-E63DF25AB4E4}</UniqueIdentifier>
      <Extensions>h;hpp;hxx;hh</Extensions>
    </Filter>
    <Filter Include="Uic Files">
      <UniqueIdentifier>{F690FA50-FECA-1BAD-6621-E63DF25AB4E4}</UniqueIdentifier>
      <Extensions>ui</Extensions>
    </Filter>
    <Filter Include="Moc Files">
      <UniqueIdentifier>{9690FA48-FECA-1BAD-6621-E63DF25AB4E4}</UniqueIdentifier>
      <Extensions>hpp</Extensions>
    </Filter>
    <Filter Include="Qrc Files">
      <UniqueIdentifier>{4690FA55-FECA-1BAD-6621-E63DF25AB4E4}</UniqueIdentifier>
      <Extensions>qrc</Extensions>
    </Filter>
    <Filter Include="Typesupport Files">
      <UniqueIdentifier>{B7B4DD38-FECA-1BAD-6621-E63DF25AB4E4}</UniqueIdentifier>
      <Extensions>idl</Extensions>
    </Filter>
  </ItemGroup>
  <ItemGroup>
    <ClCompile Include="BouncingShapeDynamics.cpp">
      <Filter>Source Files</Filter>
    </ClCompile>
    <ClCompile Include="Circle.cpp">
      <Filter>Source Files</Filter>
    </ClCompile>
    <ClCompile Include="DDSShapeDynamics.cpp">
      <Filter>Source Files</Filter>
    </ClCompile>
    <ClCompile Include="FilterDialog.cpp">
      <Filter>Source Files</Filter>
    </ClCompile>
    <ClCompile Include="FilterDialog_moc.cpp">
      <Filter>Source Files</Filter>
    </ClCompile>
    <ClCompile Include="ishape.cpp">
      <Filter>Source Files</Filter>
    </ClCompile>
    <ClCompile Include="ishape_qrc.cpp">
      <Filter>Source Files</Filter>
    </ClCompile>
    <ClCompile Include="ishapeDcps.cpp">
      <Filter>Source Files</Filter>
    </ClCompile>
    <ClCompile Include="ishapeDcps_impl.cpp">
      <Filter>Source Files</Filter>
    </ClCompile>
    <ClCompile Include="ishapeSplDcps.cpp">
      <Filter>Source Files</Filter>
    </ClCompile>
    <ClCompile Include="main.cpp">
      <Filter>Source Files</Filter>
    </ClCompile>
    <ClCompile Include="ReaderQosDialog.cpp">
      <Filter>Source Files</Filter>
    </ClCompile>
    <ClCompile Include="ReaderQosDialog_moc.cpp">
      <Filter>Source Files</Filter>
    </ClCompile>
    <ClCompile Include="Shape.cpp">
      <Filter>Source Files</Filter>
    </ClCompile>
    <ClCompile Include="ShapeDynamics.cpp">
      <Filter>Source Files</Filter>
    </ClCompile>
    <ClCompile Include="ShapesDialog.cpp">
      <Filter>Source Files</Filter>
    </ClCompile>
    <ClCompile Include="ShapesDialog_moc.cpp">
      <Filter>Source Files</Filter>
    </ClCompile>
    <ClCompile Include="ShapesWidget.cpp">
      <Filter>Source Files</Filter>
    </ClCompile>
    <ClCompile Include="ShapesWidget_moc.cpp">
      <Filter>Source Files</Filter>
    </ClCompile>
    <ClCompile Include="Square.cpp">
      <Filter>Source Files</Filter>
    </ClCompile>
    <ClCompile Include="Triangle.cpp">
      <Filter>Source Files</Filter>
    </ClCompile>
    <ClCompile Include="WriterQosDialog.cpp">
      <Filter>Source Files</Filter>
    </ClCompile>
    <ClCompile Include="WriterQosDialog_moc.cpp">
      <Filter>Source Files</Filter>
    </ClCompile>
  </ItemGroup>
  <ItemGroup>
    <ClInclude Include="BouncingShapeDynamics.hpp">
      <Filter>Header Files</Filter>
    </ClInclude>
    <ClInclude Include="Circle.hpp">
      <Filter>Header Files</Filter>
    </ClInclude>
    <ClInclude Include="config.hpp">
      <Filter>Header Files</Filter>
    </ClInclude>
    <ClInclude Include="DDSShapeDynamics.hpp">
      <Filter>Header Files</Filter>
    </ClInclude>
    <ClInclude Include="FilterDialog.hpp">
      <Filter>Header Files</Filter>
    </ClInclude>
    <ClInclude Include="ishape.h">
      <Filter>Header Files</Filter>
    </ClInclude>
    <ClInclude Include="ishape_DCPS.hpp">
      <Filter>Header Files</Filter>
    </ClInclude>
    <ClInclude Include="ishapeDcps.h">
      <Filter>Header Files</Filter>
    </ClInclude>
    <ClInclude Include="ishapeDcps_impl.h">
      <Filter>Header Files</Filter>
    </ClInclude>
    <ClInclude Include="ishapeSplDcps.h">
      <Filter>Header Files</Filter>
    </ClInclude>
    <ClInclude Include="ReaderQosDialog.hpp">
      <Filter>Header Files</Filter>
    </ClInclude>
    <ClInclude Include="Shape.hpp">
      <Filter>Header Files</Filter>
    </ClInclude>
    <ClInclude Include="ShapeDynamics.hpp">
      <Filter>Header Files</Filter>
    </ClInclude>
    <ClInclude Include="ShapesDialog.hpp">
      <Filter>Header Files</Filter>
    </ClInclude>
    <ClInclude Include="ShapesWidget.hpp">
      <Filter>Header Files</Filter>
    </ClInclude>
    <ClInclude Include="Square.hpp">
      <Filter>Header Files</Filter>
    </ClInclude>
    <ClInclude Include="topic-traits.hpp">
      <Filter>Header Files</Filter>
    </ClInclude>
    <ClInclude Include="Triangle.hpp">
      <Filter>Header Files</Filter>
    </ClInclude>
    <ClInclude Include="ui_filterForm.h">
      <Filter>Header Files</Filter>
    </ClInclude>
    <ClInclude Include="ui_iShapesForm-small.h">
      <Filter>Header Files</Filter>
    </ClInclude>
    <ClInclude Include="ui_iShapesForm.h">
      <Filter>Header Files</Filter>
    </ClInclude>
    <ClInclude Include="ui_qosForm.h">
      <Filter>Header Files</Filter>
    </ClInclude>
    <ClInclude Include="ui_readerQosForm.h">
      <Filter>Header Files</Filter>
    </ClInclude>
    <ClInclude Include="ui_writerQosForm.h">
      <Filter>Header Files</Filter>
    </ClInclude>
    <ClInclude Include="WriterQosDialog.hpp">
      <Filter>Header Files</Filter>
    </ClInclude>
  </ItemGroup>
  <ItemGroup>
    <CustomBuild Include="filterForm.ui">
      <Filter>Uic Files</Filter>
    </CustomBuild>
    <CustomBuild Include="iShapesForm-small.ui">
      <Filter>Uic Files</Filter>
    </CustomBuild>
    <CustomBuild Include="iShapesForm.ui">
      <Filter>Uic Files</Filter>
    </CustomBuild>
    <CustomBuild Include="qosForm.ui">
      <Filter>Uic Files</Filter>
    </CustomBuild>
    <CustomBuild Include="readerQosForm.ui">
      <Filter>Uic Files</Filter>
    </CustomBuild>
    <CustomBuild Include="writerQosForm.ui">
      <Filter>Uic Files</Filter>
    </CustomBuild>
  </ItemGroup>
  <ItemGroup>
    <CustomBuild Include="FilterDialog.hpp">
      <Filter>Moc Files</Filter>
    </CustomBuild>
    <CustomBuild Include="ReaderQosDialog.hpp">
      <Filter>Moc Files</Filter>
    </CustomBuild>
    <CustomBuild Include="ShapesDialog.hpp">
      <Filter>Moc Files</Filter>
    </CustomBuild>
    <CustomBuild Include="ShapesWidget.hpp">
      <Filter>Moc Files</Filter>
    </CustomBuild>
    <CustomBuild Include="WriterQosDialog.hpp">
      <Filter>Moc Files</Filter>
    </CustomBuild>
  </ItemGroup>
  <ItemGroup>
    <CustomBuild Include="ishape.qrc">
      <Filter>Qrc Files</Filter>
    </CustomBuild>
  </ItemGroup>
  <ItemGroup>
    <CustomBuild Include="ishape.idl">
      <Filter>Typesupport Files</Filter>
    </CustomBuild>
  </ItemGroup>
</Project>
